// !$*UTF8*$!
{
	archiveVersion = 1;
	classes = {
	};
	objectVersion = 48;
	objects = {

/* Begin PBXBuildFile section */
		4D031E17213F67F000E0372F /* TCUserManger.m in Sources */ = {isa = PBXBuildFile; fileRef = 4D031E16213F67F000E0372F /* TCUserManger.m */; };
		4D031E1A213F687600E0372F /* TCUserInfoModel.m in Sources */ = {isa = PBXBuildFile; fileRef = 4D031E19213F687600E0372F /* TCUserInfoModel.m */; };
		4D031E21213FCA9600E0372F /* TAreaModel.m in Sources */ = {isa = PBXBuildFile; fileRef = 4D031E20213FCA9600E0372F /* TAreaModel.m */; };
		4D031E24213FCB0000E0372F /* TAreaTool.m in Sources */ = {isa = PBXBuildFile; fileRef = 4D031E23213FCB0000E0372F /* TAreaTool.m */; };
		4D031E27213FD56F00E0372F /* EGetCacheSize.m in Sources */ = {isa = PBXBuildFile; fileRef = 4D031E25213FD56F00E0372F /* EGetCacheSize.m */; };
		4D031E2A213FD59500E0372F /* ESystemTool.m in Sources */ = {isa = PBXBuildFile; fileRef = 4D031E29213FD59400E0372F /* ESystemTool.m */; };
		4D031E2D213FD5AD00E0372F /* ESandBoxTool.m in Sources */ = {isa = PBXBuildFile; fileRef = 4D031E2B213FD5AC00E0372F /* ESandBoxTool.m */; };
		4D031E35213FDB0800E0372F /* UIImage+Scale.m in Sources */ = {isa = PBXBuildFile; fileRef = 4D031E33213FDB0700E0372F /* UIImage+Scale.m */; };
		4D031E38213FDB1600E0372F /* NSString+TDigest.m in Sources */ = {isa = PBXBuildFile; fileRef = 4D031E37213FDB1600E0372F /* NSString+TDigest.m */; };
		4D031E3B213FDCEF00E0372F /* TUploadTool.m in Sources */ = {isa = PBXBuildFile; fileRef = 4D031E3A213FDCEF00E0372F /* TUploadTool.m */; };
		4D0BB70E2141211800926491 /* TCChangePwdViewController.m in Sources */ = {isa = PBXBuildFile; fileRef = 4D0BB70C2141211800926491 /* TCChangePwdViewController.m */; };
		4D0BB70F2141211800926491 /* TCChangePwdViewController.xib in Resources */ = {isa = PBXBuildFile; fileRef = 4D0BB70D2141211800926491 /* TCChangePwdViewController.xib */; };
		4D0FEEBE212BB2010021E9E8 /* TCRegisterQueryVC.m in Sources */ = {isa = PBXBuildFile; fileRef = 4D0FEEBD212BB2010021E9E8 /* TCRegisterQueryVC.m */; };
		4D0FEEC2212BB23D0021E9E8 /* TCRechargeRecordVC.m in Sources */ = {isa = PBXBuildFile; fileRef = 4D0FEEC1212BB23D0021E9E8 /* TCRechargeRecordVC.m */; };
		4D0FEEC6212BB27E0021E9E8 /* TCAccountChangeVC.m in Sources */ = {isa = PBXBuildFile; fileRef = 4D0FEEC5212BB27E0021E9E8 /* TCAccountChangeVC.m */; };
		4D0FEECA212BB2D80021E9E8 /* TCInviteFriendVC.m in Sources */ = {isa = PBXBuildFile; fileRef = 4D0FEEC9212BB2D80021E9E8 /* TCInviteFriendVC.m */; };
		4D0FEECE212BB3370021E9E8 /* TCUnderMerchantVC.m in Sources */ = {isa = PBXBuildFile; fileRef = 4D0FEECD212BB3370021E9E8 /* TCUnderMerchantVC.m */; };
		4D0FEED2212BB37B0021E9E8 /* TCCommonSenseVC.m in Sources */ = {isa = PBXBuildFile; fileRef = 4D0FEED1212BB37B0021E9E8 /* TCCommonSenseVC.m */; };
		4D0FEED6212BE63A0021E9E8 /* TCRechargeCashVC.m in Sources */ = {isa = PBXBuildFile; fileRef = 4D0FEED5212BE63A0021E9E8 /* TCRechargeCashVC.m */; };
		4D0FEEDA212BF4FE0021E9E8 /* TCQRCodeRegisterVC.m in Sources */ = {isa = PBXBuildFile; fileRef = 4D0FEED9212BF4FE0021E9E8 /* TCQRCodeRegisterVC.m */; };
		4D0FEEDE212BF5900021E9E8 /* TCUnlockTaskVC.m in Sources */ = {isa = PBXBuildFile; fileRef = 4D0FEEDD212BF5900021E9E8 /* TCUnlockTaskVC.m */; };
		4D0FEEE4212C04EA0021E9E8 /* TCQROrderCell.m in Sources */ = {isa = PBXBuildFile; fileRef = 4D0FEEE2212C04EA0021E9E8 /* TCQROrderCell.m */; };
		4D0FEEE5212C04EA0021E9E8 /* TCQROrderCell.xib in Resources */ = {isa = PBXBuildFile; fileRef = 4D0FEEE3212C04EA0021E9E8 /* TCQROrderCell.xib */; };
		4D0FEEE8212C08320021E9E8 /* TCQRSection.m in Sources */ = {isa = PBXBuildFile; fileRef = 4D0FEEE7212C08320021E9E8 /* TCQRSection.m */; };
		4D469DB7212FFDA1000E76B8 /* TCLoginViewController.m in Sources */ = {isa = PBXBuildFile; fileRef = 4D469DB5212FFDA1000E76B8 /* TCLoginViewController.m */; };
		4D469DB8212FFDA1000E76B8 /* TCLoginViewController.xib in Resources */ = {isa = PBXBuildFile; fileRef = 4D469DB6212FFDA1000E76B8 /* TCLoginViewController.xib */; };
		4D9A30FB2140B8100084D8E4 /* TCUserInfoViewController.m in Sources */ = {isa = PBXBuildFile; fileRef = 4D9A30F92140B8100084D8E4 /* TCUserInfoViewController.m */; };
		4D9A30FC2140B8100084D8E4 /* TCUserInfoViewController.xib in Resources */ = {isa = PBXBuildFile; fileRef = 4D9A30FA2140B8100084D8E4 /* TCUserInfoViewController.xib */; };
		4D9A30FF2140FE270084D8E4 /* TCSelectAreaView.m in Sources */ = {isa = PBXBuildFile; fileRef = 4D9A30FE2140FE270084D8E4 /* TCSelectAreaView.m */; };
		4D9A31012140FF700084D8E4 /* TCSelectAreaView.xib in Resources */ = {isa = PBXBuildFile; fileRef = 4D9A31002140FF700084D8E4 /* TCSelectAreaView.xib */; };
		4DAEDFDE212563C2009FFB4B /* AppDelegate.m in Sources */ = {isa = PBXBuildFile; fileRef = 4DAEDFDD212563C2009FFB4B /* AppDelegate.m */; };
		4DAEDFE6212563C5009FFB4B /* Assets.xcassets in Resources */ = {isa = PBXBuildFile; fileRef = 4DAEDFE5212563C5009FFB4B /* Assets.xcassets */; };
		4DAEDFEC212563C5009FFB4B /* main.m in Sources */ = {isa = PBXBuildFile; fileRef = 4DAEDFEB212563C5009FFB4B /* main.m */; };
		4DAEE01821256786009FFB4B /* TBaseViewcontroller.m in Sources */ = {isa = PBXBuildFile; fileRef = 4DAEE01721256786009FFB4B /* TBaseViewcontroller.m */; };
		4DAEE01B212573A8009FFB4B /* TNavViewController.m in Sources */ = {isa = PBXBuildFile; fileRef = 4DAEE01A212573A8009FFB4B /* TNavViewController.m */; };
		4DB48E2D213E567B00F6375C /* TResponse.m in Sources */ = {isa = PBXBuildFile; fileRef = 4DB48E2C213E567B00F6375C /* TResponse.m */; };
		4DB48E2E213E6A1A00F6375C /* THTTPRequestTool.m in Sources */ = {isa = PBXBuildFile; fileRef = 4DB48E28213E565400F6375C /* THTTPRequestTool.m */; };
		4DB7E59B2126626B009FDA22 /* T2TView.m in Sources */ = {isa = PBXBuildFile; fileRef = 4DB7E5672126626B009FDA22 /* T2TView.m */; };
		4DB7E59C2126626B009FDA22 /* WMPageController.m in Sources */ = {isa = PBXBuildFile; fileRef = 4DB7E56A2126626B009FDA22 /* WMPageController.m */; };
		4DB7E59D2126626B009FDA22 /* WMMenuItem.m in Sources */ = {isa = PBXBuildFile; fileRef = 4DB7E5712126626B009FDA22 /* WMMenuItem.m */; };
		4DB7E59E2126626B009FDA22 /* WMScrollView.m in Sources */ = {isa = PBXBuildFile; fileRef = 4DB7E5722126626B009FDA22 /* WMScrollView.m */; };
		4DB7E59F2126626B009FDA22 /* WMMenuView.m in Sources */ = {isa = PBXBuildFile; fileRef = 4DB7E5732126626B009FDA22 /* WMMenuView.m */; };
		4DB7E5A02126626B009FDA22 /* WMProgressView.m in Sources */ = {isa = PBXBuildFile; fileRef = 4DB7E5742126626B009FDA22 /* WMProgressView.m */; };
		4DB7E5A12126626B009FDA22 /* MBProgressHUD.m in Sources */ = {isa = PBXBuildFile; fileRef = 4DB7E5772126626B009FDA22 /* MBProgressHUD.m */; };
		4DB7E5A22126626B009FDA22 /* MBProgressHUD+MJ.m in Sources */ = {isa = PBXBuildFile; fileRef = 4DB7E57A2126626B009FDA22 /* MBProgressHUD+MJ.m */; };
		4DB7E5A32126626B009FDA22 /* MBProgressHUD.bundle in Resources */ = {isa = PBXBuildFile; fileRef = 4DB7E57B2126626B009FDA22 /* MBProgressHUD.bundle */; };
		4DB7E5A42126626B009FDA22 /* TAlertController.m in Sources */ = {isa = PBXBuildFile; fileRef = 4DB7E57D2126626B009FDA22 /* TAlertController.m */; };
		4DB7E5A52126626B009FDA22 /* MMAlertView.m in Sources */ = {isa = PBXBuildFile; fileRef = 4DB7E57E2126626B009FDA22 /* MMAlertView.m */; };
		4DB7E5A62126626B009FDA22 /* MMSheetView.m in Sources */ = {isa = PBXBuildFile; fileRef = 4DB7E57F2126626B009FDA22 /* MMSheetView.m */; };
		4DB7E5A72126626B009FDA22 /* MMPopupCategory.m in Sources */ = {isa = PBXBuildFile; fileRef = 4DB7E5812126626B009FDA22 /* MMPopupCategory.m */; };
		4DB7E5A82126626B009FDA22 /* MMPopupWindow.m in Sources */ = {isa = PBXBuildFile; fileRef = 4DB7E5842126626B009FDA22 /* MMPopupWindow.m */; };
		4DB7E5A92126626B009FDA22 /* MMPopupView.m in Sources */ = {isa = PBXBuildFile; fileRef = 4DB7E5892126626B009FDA22 /* MMPopupView.m */; };
		4DB7E5AA2126626B009FDA22 /* TPopViewController.m in Sources */ = {isa = PBXBuildFile; fileRef = 4DB7E58B2126626B009FDA22 /* TPopViewController.m */; };
		4DB7E5AB2126626B009FDA22 /* MMPopupItem.m in Sources */ = {isa = PBXBuildFile; fileRef = 4DB7E58D2126626B009FDA22 /* MMPopupItem.m */; };
		4DB7E5AC2126626B009FDA22 /* UIView+Nib.m in Sources */ = {isa = PBXBuildFile; fileRef = 4DB7E58F2126626B009FDA22 /* UIView+Nib.m */; };
		4DB7E5AD2126626B009FDA22 /* NSObject+EFoundation.m in Sources */ = {isa = PBXBuildFile; fileRef = 4DB7E5902126626B009FDA22 /* NSObject+EFoundation.m */; };
		4DB7E5AE2126626B009FDA22 /* UIColor+Hex.m in Sources */ = {isa = PBXBuildFile; fileRef = 4DB7E5912126626B009FDA22 /* UIColor+Hex.m */; };
		4DB7E5AF2126626B009FDA22 /* UIView+AddOther.m in Sources */ = {isa = PBXBuildFile; fileRef = 4DB7E5942126626B009FDA22 /* UIView+AddOther.m */; };
		4DB7E5B02126626B009FDA22 /* NSString+MD5.m in Sources */ = {isa = PBXBuildFile; fileRef = 4DB7E5982126626B009FDA22 /* NSString+MD5.m */; };
		4DB7E5B12126626B009FDA22 /* UITableView+TRegisterCell.m in Sources */ = {isa = PBXBuildFile; fileRef = 4DB7E59A2126626B009FDA22 /* UITableView+TRegisterCell.m */; };
		4DB7E5D121269E55009FDA22 /* UIImage+TUtil.m in Sources */ = {isa = PBXBuildFile; fileRef = 4DB7E5D021269E55009FDA22 /* UIImage+TUtil.m */; };
		4DB7E5D421269E76009FDA22 /* TTabBarViewController.m in Sources */ = {isa = PBXBuildFile; fileRef = 4DB7E5D221269E75009FDA22 /* TTabBarViewController.m */; };
		4DB7E5DD21269F5F009FDA22 /* TCOrderViewController.m in Sources */ = {isa = PBXBuildFile; fileRef = 4DB7E5DC21269F5F009FDA22 /* TCOrderViewController.m */; };
		4DB7E5E021269F69009FDA22 /* TCMineViewController.m in Sources */ = {isa = PBXBuildFile; fileRef = 4DB7E5DF21269F69009FDA22 /* TCMineViewController.m */; };
		4DB7E6092126A9B4009FDA22 /* LaunchScreen.xib in Resources */ = {isa = PBXBuildFile; fileRef = 4DB7E6082126A9B4009FDA22 /* LaunchScreen.xib */; };
		4DB7E60E2126B17C009FDA22 /* UIBarButtonItem+WB.m in Sources */ = {isa = PBXBuildFile; fileRef = 4DB7E60C2126B17C009FDA22 /* UIBarButtonItem+WB.m */; };
		4DB7E6112126B1BD009FDA22 /* TComputerTextHeightTool.m in Sources */ = {isa = PBXBuildFile; fileRef = 4DB7E6102126B1BD009FDA22 /* TComputerTextHeightTool.m */; };
		4DCAF629212A4C270087EE00 /* TOTableViewTool.m in Sources */ = {isa = PBXBuildFile; fileRef = 4DCAF627212A4C270087EE00 /* TOTableViewTool.m */; };
		4DCAF62A212A4C270087EE00 /* TOBaseSection.m in Sources */ = {isa = PBXBuildFile; fileRef = 4DCAF628212A4C270087EE00 /* TOBaseSection.m */; };
		4DCAF669212AB7930087EE00 /* TCMineHeaderSection.m in Sources */ = {isa = PBXBuildFile; fileRef = 4DCAF665212AB7930087EE00 /* TCMineHeaderSection.m */; };
		4DCAF66A212AB7930087EE00 /* TCMHInfoSection.m in Sources */ = {isa = PBXBuildFile; fileRef = 4DCAF666212AB7930087EE00 /* TCMHInfoSection.m */; };
		4DCAF674212AB7B00087EE00 /* TCMHTableFootView.m in Sources */ = {isa = PBXBuildFile; fileRef = 4DCAF66C212AB7AF0087EE00 /* TCMHTableFootView.m */; };
		4DCAF675212AB7B00087EE00 /* TCMHTableFootView.xib in Resources */ = {isa = PBXBuildFile; fileRef = 4DCAF66E212AB7AF0087EE00 /* TCMHTableFootView.xib */; };
		4DCAF676212AB7B00087EE00 /* TCMHInfoTableViewCell.xib in Resources */ = {isa = PBXBuildFile; fileRef = 4DCAF66F212AB7AF0087EE00 /* TCMHInfoTableViewCell.xib */; };
		4DCAF677212AB7B00087EE00 /* TCMHHeaderCell.xib in Resources */ = {isa = PBXBuildFile; fileRef = 4DCAF671212AB7AF0087EE00 /* TCMHHeaderCell.xib */; };
		4DCAF678212AB7B00087EE00 /* TCMHHeaderCell.m in Sources */ = {isa = PBXBuildFile; fileRef = 4DCAF672212AB7B00087EE00 /* TCMHHeaderCell.m */; };
		4DCAF679212AB7B00087EE00 /* TCMHInfoTableViewCell.m in Sources */ = {isa = PBXBuildFile; fileRef = 4DCAF673212AB7B00087EE00 /* TCMHInfoTableViewCell.m */; };
		4DCAF67C212AB7E20087EE00 /* TNUHeadBgView.m in Sources */ = {isa = PBXBuildFile; fileRef = 4DCAF67B212AB7E10087EE00 /* TNUHeadBgView.m */; };
		87793A2AC15CC579EC6FBB9C /* Pods_TClient.framework in Frameworks */ = {isa = PBXBuildFile; fileRef = 377B444E7A9DDC5E4A67C660 /* Pods_TClient.framework */; };
		BC0FB793212C4B7B005F8C57 /* TCMyFriendSection.m in Sources */ = {isa = PBXBuildFile; fileRef = BC0FB792212C4B7B005F8C57 /* TCMyFriendSection.m */; };
		BC0FB797212C4D87005F8C57 /* TCMyFriendSectionHeaderView.m in Sources */ = {isa = PBXBuildFile; fileRef = BC0FB796212C4D87005F8C57 /* TCMyFriendSectionHeaderView.m */; };
		BC0FB799212C4D92005F8C57 /* TCMyFriendSectionHeaderView.xib in Resources */ = {isa = PBXBuildFile; fileRef = BC0FB798212C4D92005F8C57 /* TCMyFriendSectionHeaderView.xib */; };
		BC17F0C5214DF46F00529024 /* TCHomeViewController.m in Sources */ = {isa = PBXBuildFile; fileRef = BC17F0C3214DF46F00529024 /* TCHomeViewController.m */; };
		BC17F0C6214DF46F00529024 /* TCHomeViewController.xib in Resources */ = {isa = PBXBuildFile; fileRef = BC17F0C4214DF46F00529024 /* TCHomeViewController.xib */; };
		BC17F0CA214DFE8900529024 /* TCHomeCommissionTypeView.m in Sources */ = {isa = PBXBuildFile; fileRef = BC17F0C9214DFE8900529024 /* TCHomeCommissionTypeView.m */; };
		BC17F0CF214E000B00529024 /* TCHomeModel.m in Sources */ = {isa = PBXBuildFile; fileRef = BC17F0CE214E000B00529024 /* TCHomeModel.m */; };
		BC17F0D2214E276800529024 /* TLodingHub.m in Sources */ = {isa = PBXBuildFile; fileRef = BC17F0D1214E276800529024 /* TLodingHub.m */; };
		BC17F0D4214E277500529024 /* TLodingHub.xib in Resources */ = {isa = PBXBuildFile; fileRef = BC17F0D3214E277500529024 /* TLodingHub.xib */; };
		BC17F0D6214E296D00529024 /* loding.gif in Resources */ = {isa = PBXBuildFile; fileRef = BC17F0D5214E296D00529024 /* loding.gif */; };
		BC17F0D9214E321400529024 /* TFailhub.m in Sources */ = {isa = PBXBuildFile; fileRef = BC17F0D8214E321400529024 /* TFailhub.m */; };
		BC17F0DB214E322200529024 /* TFailhub.xib in Resources */ = {isa = PBXBuildFile; fileRef = BC17F0DA214E322200529024 /* TFailhub.xib */; };
		BC34C5F82147F95400768C3E /* TCAROrderHeaderView.m in Sources */ = {isa = PBXBuildFile; fileRef = BC34C5F72147F95400768C3E /* TCAROrderHeaderView.m */; };
		BC34C5FA2147F96400768C3E /* TCAROrderHeaderView.xib in Resources */ = {isa = PBXBuildFile; fileRef = BC34C5F92147F96400768C3E /* TCAROrderHeaderView.xib */; };
		BC48C45D214FE63D006195B0 /* TCPushLimitViewController.m in Sources */ = {isa = PBXBuildFile; fileRef = BC48C45B214FE63D006195B0 /* TCPushLimitViewController.m */; };
		BC48C45E214FE63D006195B0 /* TCPushLimitViewController.xib in Resources */ = {isa = PBXBuildFile; fileRef = BC48C45C214FE63D006195B0 /* TCPushLimitViewController.xib */; };
		BC5CA2212146B3A90050BA68 /* TCRegisterOrderListModel.m in Sources */ = {isa = PBXBuildFile; fileRef = BC5CA2202146B3A90050BA68 /* TCRegisterOrderListModel.m */; };
		BC5CA2252146BA530050BA68 /* TCUnlockTaskListModel.m in Sources */ = {isa = PBXBuildFile; fileRef = BC5CA2242146BA530050BA68 /* TCUnlockTaskListModel.m */; };
		BC617319212C3BEE003AA3C4 /* TCRechargeRecordSection.m in Sources */ = {isa = PBXBuildFile; fileRef = BC617318212C3BEE003AA3C4 /* TCRechargeRecordSection.m */; };
		BC617323212C3D5C003AA3C4 /* TCRechargeRecordCell.m in Sources */ = {isa = PBXBuildFile; fileRef = BC617321212C3D5C003AA3C4 /* TCRechargeRecordCell.m */; };
		BC617324212C3D5C003AA3C4 /* TCRechargeRecordCell.xib in Resources */ = {isa = PBXBuildFile; fileRef = BC617322212C3D5C003AA3C4 /* TCRechargeRecordCell.xib */; };
		BC61732A212C432A003AA3C4 /* TCAccountChangeCell.m in Sources */ = {isa = PBXBuildFile; fileRef = BC617328212C432A003AA3C4 /* TCAccountChangeCell.m */; };
		BC61732B212C432A003AA3C4 /* TCAccountChangeCell.xib in Resources */ = {isa = PBXBuildFile; fileRef = BC617329212C432A003AA3C4 /* TCAccountChangeCell.xib */; };
		BC61732F212C447D003AA3C4 /* TCAccountChangeSection.m in Sources */ = {isa = PBXBuildFile; fileRef = BC61732E212C447D003AA3C4 /* TCAccountChangeSection.m */; };
		BC617336212C46F8003AA3C4 /* TCMyFriendCell.m in Sources */ = {isa = PBXBuildFile; fileRef = BC617334212C46F8003AA3C4 /* TCMyFriendCell.m */; };
		BC617337212C46F8003AA3C4 /* TCMyFriendCell.xib in Resources */ = {isa = PBXBuildFile; fileRef = BC617335212C46F8003AA3C4 /* TCMyFriendCell.xib */; };
		BCA56B0D212EE76500999DA5 /* TCRegisterViewController.m in Sources */ = {isa = PBXBuildFile; fileRef = BCA56B0B212EE76500999DA5 /* TCRegisterViewController.m */; };
		BCA56B0E212EE76500999DA5 /* TCRegisterViewController.xib in Resources */ = {isa = PBXBuildFile; fileRef = BCA56B0C212EE76500999DA5 /* TCRegisterViewController.xib */; };
		BCC722D9212AE4EB002AB760 /* TCMHCellConfigModel.m in Sources */ = {isa = PBXBuildFile; fileRef = BCC722D6212AE4EB002AB760 /* TCMHCellConfigModel.m */; };
		BCC722F5212AEFFC002AB760 /* TCUserChangeViewController.m in Sources */ = {isa = PBXBuildFile; fileRef = BCC722F4212AEFFC002AB760 /* TCUserChangeViewController.m */; };
		BCC722FA212AF02D002AB760 /* TCConnetServiceViewController.m in Sources */ = {isa = PBXBuildFile; fileRef = BCC722F9212AF02D002AB760 /* TCConnetServiceViewController.m */; };
/* End PBXBuildFile section */

/* Begin PBXFileReference section */
		1901D53F14175A9E42ED3884 /* Pods-TClient.debug.xcconfig */ = {isa = PBXFileReference; includeInIndex = 1; lastKnownFileType = text.xcconfig; name = "Pods-TClient.debug.xcconfig"; path = "Pods/Target Support Files/Pods-TClient/Pods-TClient.debug.xcconfig"; sourceTree = "<group>"; };
		377B444E7A9DDC5E4A67C660 /* Pods_TClient.framework */ = {isa = PBXFileReference; explicitFileType = wrapper.framework; includeInIndex = 0; path = Pods_TClient.framework; sourceTree = BUILT_PRODUCTS_DIR; };
		4D031E15213F67F000E0372F /* TCUserManger.h */ = {isa = PBXFileReference; lastKnownFileType = sourcecode.c.h; path = TCUserManger.h; sourceTree = "<group>"; };
		4D031E16213F67F000E0372F /* TCUserManger.m */ = {isa = PBXFileReference; lastKnownFileType = sourcecode.c.objc; path = TCUserManger.m; sourceTree = "<group>"; };
		4D031E18213F687600E0372F /* TCUserInfoModel.h */ = {isa = PBXFileReference; lastKnownFileType = sourcecode.c.h; path = TCUserInfoModel.h; sourceTree = "<group>"; };
		4D031E19213F687600E0372F /* TCUserInfoModel.m */ = {isa = PBXFileReference; lastKnownFileType = sourcecode.c.objc; path = TCUserInfoModel.m; sourceTree = "<group>"; };
		4D031E1F213FCA9500E0372F /* TAreaModel.h */ = {isa = PBXFileReference; lastKnownFileType = sourcecode.c.h; path = TAreaModel.h; sourceTree = "<group>"; };
		4D031E20213FCA9600E0372F /* TAreaModel.m */ = {isa = PBXFileReference; lastKnownFileType = sourcecode.c.objc; path = TAreaModel.m; sourceTree = "<group>"; };
		4D031E22213FCB0000E0372F /* TAreaTool.h */ = {isa = PBXFileReference; lastKnownFileType = sourcecode.c.h; path = TAreaTool.h; sourceTree = "<group>"; };
		4D031E23213FCB0000E0372F /* TAreaTool.m */ = {isa = PBXFileReference; lastKnownFileType = sourcecode.c.objc; path = TAreaTool.m; sourceTree = "<group>"; };
		4D031E25213FD56F00E0372F /* EGetCacheSize.m */ = {isa = PBXFileReference; fileEncoding = 4; lastKnownFileType = sourcecode.c.objc; path = EGetCacheSize.m; sourceTree = "<group>"; };
		4D031E26213FD56F00E0372F /* EGetCacheSize.h */ = {isa = PBXFileReference; fileEncoding = 4; lastKnownFileType = sourcecode.c.h; path = EGetCacheSize.h; sourceTree = "<group>"; };
		4D031E28213FD59400E0372F /* ESystemTool.h */ = {isa = PBXFileReference; fileEncoding = 4; lastKnownFileType = sourcecode.c.h; path = ESystemTool.h; sourceTree = "<group>"; };
		4D031E29213FD59400E0372F /* ESystemTool.m */ = {isa = PBXFileReference; fileEncoding = 4; lastKnownFileType = sourcecode.c.objc; path = ESystemTool.m; sourceTree = "<group>"; };
		4D031E2B213FD5AC00E0372F /* ESandBoxTool.m */ = {isa = PBXFileReference; fileEncoding = 4; lastKnownFileType = sourcecode.c.objc; path = ESandBoxTool.m; sourceTree = "<group>"; };
		4D031E2C213FD5AD00E0372F /* ESandBoxTool.h */ = {isa = PBXFileReference; fileEncoding = 4; lastKnownFileType = sourcecode.c.h; path = ESandBoxTool.h; sourceTree = "<group>"; };
		4D031E33213FDB0700E0372F /* UIImage+Scale.m */ = {isa = PBXFileReference; fileEncoding = 4; lastKnownFileType = sourcecode.c.objc; path = "UIImage+Scale.m"; sourceTree = "<group>"; };
		4D031E34213FDB0800E0372F /* UIImage+Scale.h */ = {isa = PBXFileReference; fileEncoding = 4; lastKnownFileType = sourcecode.c.h; path = "UIImage+Scale.h"; sourceTree = "<group>"; };
		4D031E36213FDB1500E0372F /* NSString+TDigest.h */ = {isa = PBXFileReference; fileEncoding = 4; lastKnownFileType = sourcecode.c.h; path = "NSString+TDigest.h"; sourceTree = "<group>"; };
		4D031E37213FDB1600E0372F /* NSString+TDigest.m */ = {isa = PBXFileReference; fileEncoding = 4; lastKnownFileType = sourcecode.c.objc; path = "NSString+TDigest.m"; sourceTree = "<group>"; };
		4D031E39213FDCEF00E0372F /* TUploadTool.h */ = {isa = PBXFileReference; lastKnownFileType = sourcecode.c.h; path = TUploadTool.h; sourceTree = "<group>"; };
		4D031E3A213FDCEF00E0372F /* TUploadTool.m */ = {isa = PBXFileReference; lastKnownFileType = sourcecode.c.objc; path = TUploadTool.m; sourceTree = "<group>"; };
		4D0BB70B2141211800926491 /* TCChangePwdViewController.h */ = {isa = PBXFileReference; lastKnownFileType = sourcecode.c.h; path = TCChangePwdViewController.h; sourceTree = "<group>"; };
		4D0BB70C2141211800926491 /* TCChangePwdViewController.m */ = {isa = PBXFileReference; lastKnownFileType = sourcecode.c.objc; path = TCChangePwdViewController.m; sourceTree = "<group>"; };
		4D0BB70D2141211800926491 /* TCChangePwdViewController.xib */ = {isa = PBXFileReference; lastKnownFileType = file.xib; path = TCChangePwdViewController.xib; sourceTree = "<group>"; };
		4D0FEEBC212BB2010021E9E8 /* TCRegisterQueryVC.h */ = {isa = PBXFileReference; lastKnownFileType = sourcecode.c.h; path = TCRegisterQueryVC.h; sourceTree = "<group>"; };
		4D0FEEBD212BB2010021E9E8 /* TCRegisterQueryVC.m */ = {isa = PBXFileReference; lastKnownFileType = sourcecode.c.objc; path = TCRegisterQueryVC.m; sourceTree = "<group>"; };
		4D0FEEC0212BB23D0021E9E8 /* TCRechargeRecordVC.h */ = {isa = PBXFileReference; lastKnownFileType = sourcecode.c.h; path = TCRechargeRecordVC.h; sourceTree = "<group>"; };
		4D0FEEC1212BB23D0021E9E8 /* TCRechargeRecordVC.m */ = {isa = PBXFileReference; lastKnownFileType = sourcecode.c.objc; path = TCRechargeRecordVC.m; sourceTree = "<group>"; };
		4D0FEEC4212BB27E0021E9E8 /* TCAccountChangeVC.h */ = {isa = PBXFileReference; lastKnownFileType = sourcecode.c.h; path = TCAccountChangeVC.h; sourceTree = "<group>"; };
		4D0FEEC5212BB27E0021E9E8 /* TCAccountChangeVC.m */ = {isa = PBXFileReference; lastKnownFileType = sourcecode.c.objc; path = TCAccountChangeVC.m; sourceTree = "<group>"; };
		4D0FEEC8212BB2D80021E9E8 /* TCInviteFriendVC.h */ = {isa = PBXFileReference; lastKnownFileType = sourcecode.c.h; path = TCInviteFriendVC.h; sourceTree = "<group>"; };
		4D0FEEC9212BB2D80021E9E8 /* TCInviteFriendVC.m */ = {isa = PBXFileReference; lastKnownFileType = sourcecode.c.objc; path = TCInviteFriendVC.m; sourceTree = "<group>"; };
		4D0FEECC212BB3370021E9E8 /* TCUnderMerchantVC.h */ = {isa = PBXFileReference; lastKnownFileType = sourcecode.c.h; path = TCUnderMerchantVC.h; sourceTree = "<group>"; };
		4D0FEECD212BB3370021E9E8 /* TCUnderMerchantVC.m */ = {isa = PBXFileReference; lastKnownFileType = sourcecode.c.objc; path = TCUnderMerchantVC.m; sourceTree = "<group>"; };
		4D0FEED0212BB37B0021E9E8 /* TCCommonSenseVC.h */ = {isa = PBXFileReference; lastKnownFileType = sourcecode.c.h; path = TCCommonSenseVC.h; sourceTree = "<group>"; };
		4D0FEED1212BB37B0021E9E8 /* TCCommonSenseVC.m */ = {isa = PBXFileReference; lastKnownFileType = sourcecode.c.objc; path = TCCommonSenseVC.m; sourceTree = "<group>"; };
		4D0FEED4212BE63A0021E9E8 /* TCRechargeCashVC.h */ = {isa = PBXFileReference; lastKnownFileType = sourcecode.c.h; path = TCRechargeCashVC.h; sourceTree = "<group>"; };
		4D0FEED5212BE63A0021E9E8 /* TCRechargeCashVC.m */ = {isa = PBXFileReference; lastKnownFileType = sourcecode.c.objc; path = TCRechargeCashVC.m; sourceTree = "<group>"; };
		4D0FEED8212BF4FE0021E9E8 /* TCQRCodeRegisterVC.h */ = {isa = PBXFileReference; lastKnownFileType = sourcecode.c.h; path = TCQRCodeRegisterVC.h; sourceTree = "<group>"; };
		4D0FEED9212BF4FE0021E9E8 /* TCQRCodeRegisterVC.m */ = {isa = PBXFileReference; lastKnownFileType = sourcecode.c.objc; path = TCQRCodeRegisterVC.m; sourceTree = "<group>"; };
		4D0FEEDC212BF5900021E9E8 /* TCUnlockTaskVC.h */ = {isa = PBXFileReference; lastKnownFileType = sourcecode.c.h; path = TCUnlockTaskVC.h; sourceTree = "<group>"; };
		4D0FEEDD212BF5900021E9E8 /* TCUnlockTaskVC.m */ = {isa = PBXFileReference; lastKnownFileType = sourcecode.c.objc; path = TCUnlockTaskVC.m; sourceTree = "<group>"; };
		4D0FEEE1212C04EA0021E9E8 /* TCQROrderCell.h */ = {isa = PBXFileReference; lastKnownFileType = sourcecode.c.h; path = TCQROrderCell.h; sourceTree = "<group>"; };
		4D0FEEE2212C04EA0021E9E8 /* TCQROrderCell.m */ = {isa = PBXFileReference; lastKnownFileType = sourcecode.c.objc; path = TCQROrderCell.m; sourceTree = "<group>"; };
		4D0FEEE3212C04EA0021E9E8 /* TCQROrderCell.xib */ = {isa = PBXFileReference; lastKnownFileType = file.xib; path = TCQROrderCell.xib; sourceTree = "<group>"; };
		4D0FEEE6212C08320021E9E8 /* TCQRSection.h */ = {isa = PBXFileReference; lastKnownFileType = sourcecode.c.h; path = TCQRSection.h; sourceTree = "<group>"; };
		4D0FEEE7212C08320021E9E8 /* TCQRSection.m */ = {isa = PBXFileReference; lastKnownFileType = sourcecode.c.objc; path = TCQRSection.m; sourceTree = "<group>"; };
		4D469DB4212FFDA1000E76B8 /* TCLoginViewController.h */ = {isa = PBXFileReference; lastKnownFileType = sourcecode.c.h; path = TCLoginViewController.h; sourceTree = "<group>"; };
		4D469DB5212FFDA1000E76B8 /* TCLoginViewController.m */ = {isa = PBXFileReference; lastKnownFileType = sourcecode.c.objc; path = TCLoginViewController.m; sourceTree = "<group>"; };
		4D469DB6212FFDA1000E76B8 /* TCLoginViewController.xib */ = {isa = PBXFileReference; lastKnownFileType = file.xib; path = TCLoginViewController.xib; sourceTree = "<group>"; };
		4D9A30F82140B8100084D8E4 /* TCUserInfoViewController.h */ = {isa = PBXFileReference; lastKnownFileType = sourcecode.c.h; path = TCUserInfoViewController.h; sourceTree = "<group>"; };
		4D9A30F92140B8100084D8E4 /* TCUserInfoViewController.m */ = {isa = PBXFileReference; lastKnownFileType = sourcecode.c.objc; path = TCUserInfoViewController.m; sourceTree = "<group>"; };
		4D9A30FA2140B8100084D8E4 /* TCUserInfoViewController.xib */ = {isa = PBXFileReference; lastKnownFileType = file.xib; path = TCUserInfoViewController.xib; sourceTree = "<group>"; };
		4D9A30FD2140FE270084D8E4 /* TCSelectAreaView.h */ = {isa = PBXFileReference; lastKnownFileType = sourcecode.c.h; path = TCSelectAreaView.h; sourceTree = "<group>"; };
		4D9A30FE2140FE270084D8E4 /* TCSelectAreaView.m */ = {isa = PBXFileReference; lastKnownFileType = sourcecode.c.objc; path = TCSelectAreaView.m; sourceTree = "<group>"; };
		4D9A31002140FF700084D8E4 /* TCSelectAreaView.xib */ = {isa = PBXFileReference; lastKnownFileType = file.xib; path = TCSelectAreaView.xib; sourceTree = "<group>"; };
		4DAEDFD9212563C2009FFB4B /* TClient.app */ = {isa = PBXFileReference; explicitFileType = wrapper.application; includeInIndex = 0; path = TClient.app; sourceTree = BUILT_PRODUCTS_DIR; };
		4DAEDFDC212563C2009FFB4B /* AppDelegate.h */ = {isa = PBXFileReference; lastKnownFileType = sourcecode.c.h; path = AppDelegate.h; sourceTree = "<group>"; };
		4DAEDFDD212563C2009FFB4B /* AppDelegate.m */ = {isa = PBXFileReference; lastKnownFileType = sourcecode.c.objc; path = AppDelegate.m; sourceTree = "<group>"; };
		4DAEDFE5212563C5009FFB4B /* Assets.xcassets */ = {isa = PBXFileReference; lastKnownFileType = folder.assetcatalog; path = Assets.xcassets; sourceTree = "<group>"; };
		4DAEDFEA212563C5009FFB4B /* Info.plist */ = {isa = PBXFileReference; lastKnownFileType = text.plist.xml; path = Info.plist; sourceTree = "<group>"; };
		4DAEDFEB212563C5009FFB4B /* main.m */ = {isa = PBXFileReference; lastKnownFileType = sourcecode.c.objc; path = main.m; sourceTree = "<group>"; };
		4DAEE01621256786009FFB4B /* TBaseViewcontroller.h */ = {isa = PBXFileReference; lastKnownFileType = sourcecode.c.h; path = TBaseViewcontroller.h; sourceTree = "<group>"; };
		4DAEE01721256786009FFB4B /* TBaseViewcontroller.m */ = {isa = PBXFileReference; lastKnownFileType = sourcecode.c.objc; path = TBaseViewcontroller.m; sourceTree = "<group>"; };
		4DAEE019212573A8009FFB4B /* TNavViewController.h */ = {isa = PBXFileReference; lastKnownFileType = sourcecode.c.h; path = TNavViewController.h; sourceTree = "<group>"; };
		4DAEE01A212573A8009FFB4B /* TNavViewController.m */ = {isa = PBXFileReference; lastKnownFileType = sourcecode.c.objc; path = TNavViewController.m; sourceTree = "<group>"; };
		4DB48E27213E565400F6375C /* THTTPRequestTool.h */ = {isa = PBXFileReference; lastKnownFileType = sourcecode.c.h; path = THTTPRequestTool.h; sourceTree = "<group>"; };
		4DB48E28213E565400F6375C /* THTTPRequestTool.m */ = {isa = PBXFileReference; lastKnownFileType = sourcecode.c.objc; path = THTTPRequestTool.m; sourceTree = "<group>"; };
		4DB48E2B213E567B00F6375C /* TResponse.h */ = {isa = PBXFileReference; lastKnownFileType = sourcecode.c.h; path = TResponse.h; sourceTree = "<group>"; };
		4DB48E2C213E567B00F6375C /* TResponse.m */ = {isa = PBXFileReference; lastKnownFileType = sourcecode.c.objc; path = TResponse.m; sourceTree = "<group>"; };
		4DB7E5672126626B009FDA22 /* T2TView.m */ = {isa = PBXFileReference; fileEncoding = 4; lastKnownFileType = sourcecode.c.objc; path = T2TView.m; sourceTree = "<group>"; };
		4DB7E5682126626B009FDA22 /* T2TView.h */ = {isa = PBXFileReference; fileEncoding = 4; lastKnownFileType = sourcecode.c.h; path = T2TView.h; sourceTree = "<group>"; };
		4DB7E56A2126626B009FDA22 /* WMPageController.m */ = {isa = PBXFileReference; fileEncoding = 4; lastKnownFileType = sourcecode.c.objc; path = WMPageController.m; sourceTree = "<group>"; };
		4DB7E56B2126626B009FDA22 /* WMPageConst.h */ = {isa = PBXFileReference; fileEncoding = 4; lastKnownFileType = sourcecode.c.h; path = WMPageConst.h; sourceTree = "<group>"; };
		4DB7E56D2126626B009FDA22 /* WMScrollView.h */ = {isa = PBXFileReference; fileEncoding = 4; lastKnownFileType = sourcecode.c.h; path = WMScrollView.h; sourceTree = "<group>"; };
		4DB7E56E2126626B009FDA22 /* WMMenuItem.h */ = {isa = PBXFileReference; fileEncoding = 4; lastKnownFileType = sourcecode.c.h; path = WMMenuItem.h; sourceTree = "<group>"; };
		4DB7E56F2126626B009FDA22 /* WMMenuView.h */ = {isa = PBXFileReference; fileEncoding = 4; lastKnownFileType = sourcecode.c.h; path = WMMenuView.h; sourceTree = "<group>"; };
		4DB7E5702126626B009FDA22 /* WMProgressView.h */ = {isa = PBXFileReference; fileEncoding = 4; lastKnownFileType = sourcecode.c.h; path = WMProgressView.h; sourceTree = "<group>"; };
		4DB7E5712126626B009FDA22 /* WMMenuItem.m */ = {isa = PBXFileReference; fileEncoding = 4; lastKnownFileType = sourcecode.c.objc; path = WMMenuItem.m; sourceTree = "<group>"; };
		4DB7E5722126626B009FDA22 /* WMScrollView.m */ = {isa = PBXFileReference; fileEncoding = 4; lastKnownFileType = sourcecode.c.objc; path = WMScrollView.m; sourceTree = "<group>"; };
		4DB7E5732126626B009FDA22 /* WMMenuView.m */ = {isa = PBXFileReference; fileEncoding = 4; lastKnownFileType = sourcecode.c.objc; path = WMMenuView.m; sourceTree = "<group>"; };
		4DB7E5742126626B009FDA22 /* WMProgressView.m */ = {isa = PBXFileReference; fileEncoding = 4; lastKnownFileType = sourcecode.c.objc; path = WMProgressView.m; sourceTree = "<group>"; };
		4DB7E5752126626B009FDA22 /* WMPageController.h */ = {isa = PBXFileReference; fileEncoding = 4; lastKnownFileType = sourcecode.c.h; path = WMPageController.h; sourceTree = "<group>"; };
		4DB7E5772126626B009FDA22 /* MBProgressHUD.m */ = {isa = PBXFileReference; fileEncoding = 4; lastKnownFileType = sourcecode.c.objc; path = MBProgressHUD.m; sourceTree = "<group>"; };
		4DB7E5782126626B009FDA22 /* MBProgressHUD+MJ.h */ = {isa = PBXFileReference; fileEncoding = 4; lastKnownFileType = sourcecode.c.h; path = "MBProgressHUD+MJ.h"; sourceTree = "<group>"; };
		4DB7E5792126626B009FDA22 /* MBProgressHUD.h */ = {isa = PBXFileReference; fileEncoding = 4; lastKnownFileType = sourcecode.c.h; path = MBProgressHUD.h; sourceTree = "<group>"; };
		4DB7E57A2126626B009FDA22 /* MBProgressHUD+MJ.m */ = {isa = PBXFileReference; fileEncoding = 4; lastKnownFileType = sourcecode.c.objc; path = "MBProgressHUD+MJ.m"; sourceTree = "<group>"; };
		4DB7E57B2126626B009FDA22 /* MBProgressHUD.bundle */ = {isa = PBXFileReference; lastKnownFileType = "wrapper.plug-in"; path = MBProgressHUD.bundle; sourceTree = "<group>"; };
		4DB7E57D2126626B009FDA22 /* TAlertController.m */ = {isa = PBXFileReference; fileEncoding = 4; lastKnownFileType = sourcecode.c.objc; path = TAlertController.m; sourceTree = "<group>"; };
		4DB7E57E2126626B009FDA22 /* MMAlertView.m */ = {isa = PBXFileReference; fileEncoding = 4; lastKnownFileType = sourcecode.c.objc; path = MMAlertView.m; sourceTree = "<group>"; };
		4DB7E57F2126626B009FDA22 /* MMSheetView.m */ = {isa = PBXFileReference; fileEncoding = 4; lastKnownFileType = sourcecode.c.objc; path = MMSheetView.m; sourceTree = "<group>"; };
		4DB7E5802126626B009FDA22 /* MMPopupView.h */ = {isa = PBXFileReference; fileEncoding = 4; lastKnownFileType = sourcecode.c.h; path = MMPopupView.h; sourceTree = "<group>"; };
		4DB7E5812126626B009FDA22 /* MMPopupCategory.m */ = {isa = PBXFileReference; fileEncoding = 4; lastKnownFileType = sourcecode.c.objc; path = MMPopupCategory.m; sourceTree = "<group>"; };
		4DB7E5822126626B009FDA22 /* MMPopupItem.h */ = {isa = PBXFileReference; fileEncoding = 4; lastKnownFileType = sourcecode.c.h; path = MMPopupItem.h; sourceTree = "<group>"; };
		4DB7E5832126626B009FDA22 /* TPopViewController.h */ = {isa = PBXFileReference; fileEncoding = 4; lastKnownFileType = sourcecode.c.h; path = TPopViewController.h; sourceTree = "<group>"; };
		4DB7E5842126626B009FDA22 /* MMPopupWindow.m */ = {isa = PBXFileReference; fileEncoding = 4; lastKnownFileType = sourcecode.c.objc; path = MMPopupWindow.m; sourceTree = "<group>"; };
		4DB7E5852126626B009FDA22 /* TAlertController.h */ = {isa = PBXFileReference; fileEncoding = 4; lastKnownFileType = sourcecode.c.h; path = TAlertController.h; sourceTree = "<group>"; };
		4DB7E5862126626B009FDA22 /* MMSheetView.h */ = {isa = PBXFileReference; fileEncoding = 4; lastKnownFileType = sourcecode.c.h; path = MMSheetView.h; sourceTree = "<group>"; };
		4DB7E5872126626B009FDA22 /* MMPopupDefine.h */ = {isa = PBXFileReference; fileEncoding = 4; lastKnownFileType = sourcecode.c.h; path = MMPopupDefine.h; sourceTree = "<group>"; };
		4DB7E5882126626B009FDA22 /* MMAlertView.h */ = {isa = PBXFileReference; fileEncoding = 4; lastKnownFileType = sourcecode.c.h; path = MMAlertView.h; sourceTree = "<group>"; };
		4DB7E5892126626B009FDA22 /* MMPopupView.m */ = {isa = PBXFileReference; fileEncoding = 4; lastKnownFileType = sourcecode.c.objc; path = MMPopupView.m; sourceTree = "<group>"; };
		4DB7E58A2126626B009FDA22 /* MMPopupWindow.h */ = {isa = PBXFileReference; fileEncoding = 4; lastKnownFileType = sourcecode.c.h; path = MMPopupWindow.h; sourceTree = "<group>"; };
		4DB7E58B2126626B009FDA22 /* TPopViewController.m */ = {isa = PBXFileReference; fileEncoding = 4; lastKnownFileType = sourcecode.c.objc; path = TPopViewController.m; sourceTree = "<group>"; };
		4DB7E58C2126626B009FDA22 /* MMPopupCategory.h */ = {isa = PBXFileReference; fileEncoding = 4; lastKnownFileType = sourcecode.c.h; path = MMPopupCategory.h; sourceTree = "<group>"; };
		4DB7E58D2126626B009FDA22 /* MMPopupItem.m */ = {isa = PBXFileReference; fileEncoding = 4; lastKnownFileType = sourcecode.c.objc; path = MMPopupItem.m; sourceTree = "<group>"; };
		4DB7E58F2126626B009FDA22 /* UIView+Nib.m */ = {isa = PBXFileReference; fileEncoding = 4; lastKnownFileType = sourcecode.c.objc; path = "UIView+Nib.m"; sourceTree = "<group>"; };
		4DB7E5902126626B009FDA22 /* NSObject+EFoundation.m */ = {isa = PBXFileReference; fileEncoding = 4; lastKnownFileType = sourcecode.c.objc; path = "NSObject+EFoundation.m"; sourceTree = "<group>"; };
		4DB7E5912126626B009FDA22 /* UIColor+Hex.m */ = {isa = PBXFileReference; fileEncoding = 4; lastKnownFileType = sourcecode.c.objc; path = "UIColor+Hex.m"; sourceTree = "<group>"; };
		4DB7E5922126626B009FDA22 /* NSString+MD5.h */ = {isa = PBXFileReference; fileEncoding = 4; lastKnownFileType = sourcecode.c.h; path = "NSString+MD5.h"; sourceTree = "<group>"; };
		4DB7E5932126626B009FDA22 /* UITableView+TRegisterCell.h */ = {isa = PBXFileReference; fileEncoding = 4; lastKnownFileType = sourcecode.c.h; path = "UITableView+TRegisterCell.h"; sourceTree = "<group>"; };
		4DB7E5942126626B009FDA22 /* UIView+AddOther.m */ = {isa = PBXFileReference; fileEncoding = 4; lastKnownFileType = sourcecode.c.objc; path = "UIView+AddOther.m"; sourceTree = "<group>"; };
		4DB7E5952126626B009FDA22 /* UIView+Nib.h */ = {isa = PBXFileReference; fileEncoding = 4; lastKnownFileType = sourcecode.c.h; path = "UIView+Nib.h"; sourceTree = "<group>"; };
		4DB7E5962126626B009FDA22 /* UIColor+Hex.h */ = {isa = PBXFileReference; fileEncoding = 4; lastKnownFileType = sourcecode.c.h; path = "UIColor+Hex.h"; sourceTree = "<group>"; };
		4DB7E5972126626B009FDA22 /* NSObject+EFoundation.h */ = {isa = PBXFileReference; fileEncoding = 4; lastKnownFileType = sourcecode.c.h; path = "NSObject+EFoundation.h"; sourceTree = "<group>"; };
		4DB7E5982126626B009FDA22 /* NSString+MD5.m */ = {isa = PBXFileReference; fileEncoding = 4; lastKnownFileType = sourcecode.c.objc; path = "NSString+MD5.m"; sourceTree = "<group>"; };
		4DB7E5992126626B009FDA22 /* UIView+AddOther.h */ = {isa = PBXFileReference; fileEncoding = 4; lastKnownFileType = sourcecode.c.h; path = "UIView+AddOther.h"; sourceTree = "<group>"; };
		4DB7E59A2126626B009FDA22 /* UITableView+TRegisterCell.m */ = {isa = PBXFileReference; fileEncoding = 4; lastKnownFileType = sourcecode.c.objc; path = "UITableView+TRegisterCell.m"; sourceTree = "<group>"; };
		4DB7E5B32126632D009FDA22 /* TClient.pch */ = {isa = PBXFileReference; lastKnownFileType = sourcecode.c.h; path = TClient.pch; sourceTree = "<group>"; };
		4DB7E5B421266347009FDA22 /* TBasicDefine.h */ = {isa = PBXFileReference; lastKnownFileType = sourcecode.c.h; path = TBasicDefine.h; sourceTree = "<group>"; };
		4DB7E5CF21269E55009FDA22 /* UIImage+TUtil.h */ = {isa = PBXFileReference; fileEncoding = 4; lastKnownFileType = sourcecode.c.h; path = "UIImage+TUtil.h"; sourceTree = "<group>"; };
		4DB7E5D021269E55009FDA22 /* UIImage+TUtil.m */ = {isa = PBXFileReference; fileEncoding = 4; lastKnownFileType = sourcecode.c.objc; path = "UIImage+TUtil.m"; sourceTree = "<group>"; };
		4DB7E5D221269E75009FDA22 /* TTabBarViewController.m */ = {isa = PBXFileReference; fileEncoding = 4; lastKnownFileType = sourcecode.c.objc; path = TTabBarViewController.m; sourceTree = "<group>"; };
		4DB7E5D321269E75009FDA22 /* TTabBarViewController.h */ = {isa = PBXFileReference; fileEncoding = 4; lastKnownFileType = sourcecode.c.h; path = TTabBarViewController.h; sourceTree = "<group>"; };
		4DB7E5DB21269F5F009FDA22 /* TCOrderViewController.h */ = {isa = PBXFileReference; lastKnownFileType = sourcecode.c.h; path = TCOrderViewController.h; sourceTree = "<group>"; };
		4DB7E5DC21269F5F009FDA22 /* TCOrderViewController.m */ = {isa = PBXFileReference; lastKnownFileType = sourcecode.c.objc; path = TCOrderViewController.m; sourceTree = "<group>"; };
		4DB7E5DE21269F69009FDA22 /* TCMineViewController.h */ = {isa = PBXFileReference; lastKnownFileType = sourcecode.c.h; path = TCMineViewController.h; sourceTree = "<group>"; };
		4DB7E5DF21269F69009FDA22 /* TCMineViewController.m */ = {isa = PBXFileReference; lastKnownFileType = sourcecode.c.objc; path = TCMineViewController.m; sourceTree = "<group>"; };
		4DB7E6082126A9B4009FDA22 /* LaunchScreen.xib */ = {isa = PBXFileReference; lastKnownFileType = file.xib; path = LaunchScreen.xib; sourceTree = "<group>"; };
		4DB7E60C2126B17C009FDA22 /* UIBarButtonItem+WB.m */ = {isa = PBXFileReference; fileEncoding = 4; lastKnownFileType = sourcecode.c.objc; path = "UIBarButtonItem+WB.m"; sourceTree = "<group>"; };
		4DB7E60D2126B17C009FDA22 /* UIBarButtonItem+WB.h */ = {isa = PBXFileReference; fileEncoding = 4; lastKnownFileType = sourcecode.c.h; path = "UIBarButtonItem+WB.h"; sourceTree = "<group>"; };
		4DB7E60F2126B1BD009FDA22 /* TComputerTextHeightTool.h */ = {isa = PBXFileReference; fileEncoding = 4; lastKnownFileType = sourcecode.c.h; path = TComputerTextHeightTool.h; sourceTree = "<group>"; };
		4DB7E6102126B1BD009FDA22 /* TComputerTextHeightTool.m */ = {isa = PBXFileReference; fileEncoding = 4; lastKnownFileType = sourcecode.c.objc; path = TComputerTextHeightTool.m; sourceTree = "<group>"; };
		4DCAF625212A4C260087EE00 /* TOTableViewTool.h */ = {isa = PBXFileReference; fileEncoding = 4; lastKnownFileType = sourcecode.c.h; path = TOTableViewTool.h; sourceTree = "<group>"; };
		4DCAF626212A4C260087EE00 /* TOBaseSection.h */ = {isa = PBXFileReference; fileEncoding = 4; lastKnownFileType = sourcecode.c.h; path = TOBaseSection.h; sourceTree = "<group>"; };
		4DCAF627212A4C270087EE00 /* TOTableViewTool.m */ = {isa = PBXFileReference; fileEncoding = 4; lastKnownFileType = sourcecode.c.objc; path = TOTableViewTool.m; sourceTree = "<group>"; };
		4DCAF628212A4C270087EE00 /* TOBaseSection.m */ = {isa = PBXFileReference; fileEncoding = 4; lastKnownFileType = sourcecode.c.objc; path = TOBaseSection.m; sourceTree = "<group>"; };
		4DCAF665212AB7930087EE00 /* TCMineHeaderSection.m */ = {isa = PBXFileReference; fileEncoding = 4; lastKnownFileType = sourcecode.c.objc; path = TCMineHeaderSection.m; sourceTree = "<group>"; };
		4DCAF666212AB7930087EE00 /* TCMHInfoSection.m */ = {isa = PBXFileReference; fileEncoding = 4; lastKnownFileType = sourcecode.c.objc; path = TCMHInfoSection.m; sourceTree = "<group>"; };
		4DCAF667212AB7930087EE00 /* TCMineHeaderSection.h */ = {isa = PBXFileReference; fileEncoding = 4; lastKnownFileType = sourcecode.c.h; path = TCMineHeaderSection.h; sourceTree = "<group>"; };
		4DCAF668212AB7930087EE00 /* TCMHInfoSection.h */ = {isa = PBXFileReference; fileEncoding = 4; lastKnownFileType = sourcecode.c.h; path = TCMHInfoSection.h; sourceTree = "<group>"; };
		4DCAF66B212AB7AF0087EE00 /* TCMHHeaderCell.h */ = {isa = PBXFileReference; fileEncoding = 4; lastKnownFileType = sourcecode.c.h; path = TCMHHeaderCell.h; sourceTree = "<group>"; };
		4DCAF66C212AB7AF0087EE00 /* TCMHTableFootView.m */ = {isa = PBXFileReference; fileEncoding = 4; lastKnownFileType = sourcecode.c.objc; path = TCMHTableFootView.m; sourceTree = "<group>"; };
		4DCAF66D212AB7AF0087EE00 /* TCMHTableFootView.h */ = {isa = PBXFileReference; fileEncoding = 4; lastKnownFileType = sourcecode.c.h; path = TCMHTableFootView.h; sourceTree = "<group>"; };
		4DCAF66E212AB7AF0087EE00 /* TCMHTableFootView.xib */ = {isa = PBXFileReference; fileEncoding = 4; lastKnownFileType = file.xib; path = TCMHTableFootView.xib; sourceTree = "<group>"; };
		4DCAF66F212AB7AF0087EE00 /* TCMHInfoTableViewCell.xib */ = {isa = PBXFileReference; fileEncoding = 4; lastKnownFileType = file.xib; path = TCMHInfoTableViewCell.xib; sourceTree = "<group>"; };
		4DCAF670212AB7AF0087EE00 /* TCMHInfoTableViewCell.h */ = {isa = PBXFileReference; fileEncoding = 4; lastKnownFileType = sourcecode.c.h; path = TCMHInfoTableViewCell.h; sourceTree = "<group>"; };
		4DCAF671212AB7AF0087EE00 /* TCMHHeaderCell.xib */ = {isa = PBXFileReference; fileEncoding = 4; lastKnownFileType = file.xib; path = TCMHHeaderCell.xib; sourceTree = "<group>"; };
		4DCAF672212AB7B00087EE00 /* TCMHHeaderCell.m */ = {isa = PBXFileReference; fileEncoding = 4; lastKnownFileType = sourcecode.c.objc; path = TCMHHeaderCell.m; sourceTree = "<group>"; };
		4DCAF673212AB7B00087EE00 /* TCMHInfoTableViewCell.m */ = {isa = PBXFileReference; fileEncoding = 4; lastKnownFileType = sourcecode.c.objc; path = TCMHInfoTableViewCell.m; sourceTree = "<group>"; };
		4DCAF67A212AB7E10087EE00 /* TNUHeadBgView.h */ = {isa = PBXFileReference; fileEncoding = 4; lastKnownFileType = sourcecode.c.h; path = TNUHeadBgView.h; sourceTree = "<group>"; };
		4DCAF67B212AB7E10087EE00 /* TNUHeadBgView.m */ = {isa = PBXFileReference; fileEncoding = 4; lastKnownFileType = sourcecode.c.objc; path = TNUHeadBgView.m; sourceTree = "<group>"; };
		668AA330E3A3DC0E9812374E /* Pods-TClient.release.xcconfig */ = {isa = PBXFileReference; includeInIndex = 1; lastKnownFileType = text.xcconfig; name = "Pods-TClient.release.xcconfig"; path = "Pods/Target Support Files/Pods-TClient/Pods-TClient.release.xcconfig"; sourceTree = "<group>"; };
		BC0FB791212C4B7B005F8C57 /* TCMyFriendSection.h */ = {isa = PBXFileReference; lastKnownFileType = sourcecode.c.h; path = TCMyFriendSection.h; sourceTree = "<group>"; };
		BC0FB792212C4B7B005F8C57 /* TCMyFriendSection.m */ = {isa = PBXFileReference; lastKnownFileType = sourcecode.c.objc; path = TCMyFriendSection.m; sourceTree = "<group>"; };
		BC0FB795212C4D87005F8C57 /* TCMyFriendSectionHeaderView.h */ = {isa = PBXFileReference; lastKnownFileType = sourcecode.c.h; path = TCMyFriendSectionHeaderView.h; sourceTree = "<group>"; };
		BC0FB796212C4D87005F8C57 /* TCMyFriendSectionHeaderView.m */ = {isa = PBXFileReference; lastKnownFileType = sourcecode.c.objc; path = TCMyFriendSectionHeaderView.m; sourceTree = "<group>"; };
		BC0FB798212C4D92005F8C57 /* TCMyFriendSectionHeaderView.xib */ = {isa = PBXFileReference; lastKnownFileType = file.xib; path = TCMyFriendSectionHeaderView.xib; sourceTree = "<group>"; };
		BC17F0C2214DF46F00529024 /* TCHomeViewController.h */ = {isa = PBXFileReference; lastKnownFileType = sourcecode.c.h; path = TCHomeViewController.h; sourceTree = "<group>"; };
		BC17F0C3214DF46F00529024 /* TCHomeViewController.m */ = {isa = PBXFileReference; lastKnownFileType = sourcecode.c.objc; path = TCHomeViewController.m; sourceTree = "<group>"; };
		BC17F0C4214DF46F00529024 /* TCHomeViewController.xib */ = {isa = PBXFileReference; lastKnownFileType = file.xib; path = TCHomeViewController.xib; sourceTree = "<group>"; };
		BC17F0C8214DFE8900529024 /* TCHomeCommissionTypeView.h */ = {isa = PBXFileReference; lastKnownFileType = sourcecode.c.h; path = TCHomeCommissionTypeView.h; sourceTree = "<group>"; };
		BC17F0C9214DFE8900529024 /* TCHomeCommissionTypeView.m */ = {isa = PBXFileReference; lastKnownFileType = sourcecode.c.objc; path = TCHomeCommissionTypeView.m; sourceTree = "<group>"; };
		BC17F0CD214E000B00529024 /* TCHomeModel.h */ = {isa = PBXFileReference; lastKnownFileType = sourcecode.c.h; path = TCHomeModel.h; sourceTree = "<group>"; };
		BC17F0CE214E000B00529024 /* TCHomeModel.m */ = {isa = PBXFileReference; lastKnownFileType = sourcecode.c.objc; path = TCHomeModel.m; sourceTree = "<group>"; };
		BC17F0D0214E276800529024 /* TLodingHub.h */ = {isa = PBXFileReference; lastKnownFileType = sourcecode.c.h; path = TLodingHub.h; sourceTree = "<group>"; };
		BC17F0D1214E276800529024 /* TLodingHub.m */ = {isa = PBXFileReference; lastKnownFileType = sourcecode.c.objc; path = TLodingHub.m; sourceTree = "<group>"; };
		BC17F0D3214E277500529024 /* TLodingHub.xib */ = {isa = PBXFileReference; lastKnownFileType = file.xib; path = TLodingHub.xib; sourceTree = "<group>"; };
		BC17F0D5214E296D00529024 /* loding.gif */ = {isa = PBXFileReference; lastKnownFileType = image.gif; path = loding.gif; sourceTree = "<group>"; };
		BC17F0D7214E321400529024 /* TFailhub.h */ = {isa = PBXFileReference; lastKnownFileType = sourcecode.c.h; path = TFailhub.h; sourceTree = "<group>"; };
		BC17F0D8214E321400529024 /* TFailhub.m */ = {isa = PBXFileReference; lastKnownFileType = sourcecode.c.objc; path = TFailhub.m; sourceTree = "<group>"; };
		BC17F0DA214E322200529024 /* TFailhub.xib */ = {isa = PBXFileReference; lastKnownFileType = file.xib; path = TFailhub.xib; sourceTree = "<group>"; };
		BC34C5F62147F95400768C3E /* TCAROrderHeaderView.h */ = {isa = PBXFileReference; lastKnownFileType = sourcecode.c.h; path = TCAROrderHeaderView.h; sourceTree = "<group>"; };
		BC34C5F72147F95400768C3E /* TCAROrderHeaderView.m */ = {isa = PBXFileReference; lastKnownFileType = sourcecode.c.objc; path = TCAROrderHeaderView.m; sourceTree = "<group>"; };
		BC34C5F92147F96400768C3E /* TCAROrderHeaderView.xib */ = {isa = PBXFileReference; lastKnownFileType = file.xib; path = TCAROrderHeaderView.xib; sourceTree = "<group>"; };
		BC48C45A214FE63D006195B0 /* TCPushLimitViewController.h */ = {isa = PBXFileReference; lastKnownFileType = sourcecode.c.h; path = TCPushLimitViewController.h; sourceTree = "<group>"; };
		BC48C45B214FE63D006195B0 /* TCPushLimitViewController.m */ = {isa = PBXFileReference; lastKnownFileType = sourcecode.c.objc; path = TCPushLimitViewController.m; sourceTree = "<group>"; };
		BC48C45C214FE63D006195B0 /* TCPushLimitViewController.xib */ = {isa = PBXFileReference; lastKnownFileType = file.xib; path = TCPushLimitViewController.xib; sourceTree = "<group>"; };
		BC5CA21F2146B3A90050BA68 /* TCRegisterOrderListModel.h */ = {isa = PBXFileReference; lastKnownFileType = sourcecode.c.h; path = TCRegisterOrderListModel.h; sourceTree = "<group>"; };
		BC5CA2202146B3A90050BA68 /* TCRegisterOrderListModel.m */ = {isa = PBXFileReference; lastKnownFileType = sourcecode.c.objc; path = TCRegisterOrderListModel.m; sourceTree = "<group>"; };
		BC5CA2232146BA530050BA68 /* TCUnlockTaskListModel.h */ = {isa = PBXFileReference; lastKnownFileType = sourcecode.c.h; path = TCUnlockTaskListModel.h; sourceTree = "<group>"; };
		BC5CA2242146BA530050BA68 /* TCUnlockTaskListModel.m */ = {isa = PBXFileReference; lastKnownFileType = sourcecode.c.objc; path = TCUnlockTaskListModel.m; sourceTree = "<group>"; };
		BC617317212C3BEE003AA3C4 /* TCRechargeRecordSection.h */ = {isa = PBXFileReference; lastKnownFileType = sourcecode.c.h; path = TCRechargeRecordSection.h; sourceTree = "<group>"; };
		BC617318212C3BEE003AA3C4 /* TCRechargeRecordSection.m */ = {isa = PBXFileReference; lastKnownFileType = sourcecode.c.objc; path = TCRechargeRecordSection.m; sourceTree = "<group>"; };
		BC617320212C3D5C003AA3C4 /* TCRechargeRecordCell.h */ = {isa = PBXFileReference; lastKnownFileType = sourcecode.c.h; path = TCRechargeRecordCell.h; sourceTree = "<group>"; };
		BC617321212C3D5C003AA3C4 /* TCRechargeRecordCell.m */ = {isa = PBXFileReference; lastKnownFileType = sourcecode.c.objc; path = TCRechargeRecordCell.m; sourceTree = "<group>"; };
		BC617322212C3D5C003AA3C4 /* TCRechargeRecordCell.xib */ = {isa = PBXFileReference; lastKnownFileType = file.xib; path = TCRechargeRecordCell.xib; sourceTree = "<group>"; };
		BC617327212C432A003AA3C4 /* TCAccountChangeCell.h */ = {isa = PBXFileReference; lastKnownFileType = sourcecode.c.h; path = TCAccountChangeCell.h; sourceTree = "<group>"; };
		BC617328212C432A003AA3C4 /* TCAccountChangeCell.m */ = {isa = PBXFileReference; lastKnownFileType = sourcecode.c.objc; path = TCAccountChangeCell.m; sourceTree = "<group>"; };
		BC617329212C432A003AA3C4 /* TCAccountChangeCell.xib */ = {isa = PBXFileReference; lastKnownFileType = file.xib; path = TCAccountChangeCell.xib; sourceTree = "<group>"; };
		BC61732D212C447D003AA3C4 /* TCAccountChangeSection.h */ = {isa = PBXFileReference; lastKnownFileType = sourcecode.c.h; path = TCAccountChangeSection.h; sourceTree = "<group>"; };
		BC61732E212C447D003AA3C4 /* TCAccountChangeSection.m */ = {isa = PBXFileReference; lastKnownFileType = sourcecode.c.objc; path = TCAccountChangeSection.m; sourceTree = "<group>"; };
		BC617333212C46F8003AA3C4 /* TCMyFriendCell.h */ = {isa = PBXFileReference; lastKnownFileType = sourcecode.c.h; path = TCMyFriendCell.h; sourceTree = "<group>"; };
		BC617334212C46F8003AA3C4 /* TCMyFriendCell.m */ = {isa = PBXFileReference; lastKnownFileType = sourcecode.c.objc; path = TCMyFriendCell.m; sourceTree = "<group>"; };
		BC617335212C46F8003AA3C4 /* TCMyFriendCell.xib */ = {isa = PBXFileReference; lastKnownFileType = file.xib; path = TCMyFriendCell.xib; sourceTree = "<group>"; };
		BCA56B0A212EE76500999DA5 /* TCRegisterViewController.h */ = {isa = PBXFileReference; lastKnownFileType = sourcecode.c.h; path = TCRegisterViewController.h; sourceTree = "<group>"; };
		BCA56B0B212EE76500999DA5 /* TCRegisterViewController.m */ = {isa = PBXFileReference; lastKnownFileType = sourcecode.c.objc; path = TCRegisterViewController.m; sourceTree = "<group>"; };
		BCA56B0C212EE76500999DA5 /* TCRegisterViewController.xib */ = {isa = PBXFileReference; lastKnownFileType = file.xib; path = TCRegisterViewController.xib; sourceTree = "<group>"; };
		BCC722D6212AE4EB002AB760 /* TCMHCellConfigModel.m */ = {isa = PBXFileReference; fileEncoding = 4; lastKnownFileType = sourcecode.c.objc; path = TCMHCellConfigModel.m; sourceTree = "<group>"; };
		BCC722D7212AE4EB002AB760 /* TCMHCellConfigModel.h */ = {isa = PBXFileReference; fileEncoding = 4; lastKnownFileType = sourcecode.c.h; path = TCMHCellConfigModel.h; sourceTree = "<group>"; };
		BCC722F3212AEFFC002AB760 /* TCUserChangeViewController.h */ = {isa = PBXFileReference; lastKnownFileType = sourcecode.c.h; path = TCUserChangeViewController.h; sourceTree = "<group>"; };
		BCC722F4212AEFFC002AB760 /* TCUserChangeViewController.m */ = {isa = PBXFileReference; lastKnownFileType = sourcecode.c.objc; path = TCUserChangeViewController.m; sourceTree = "<group>"; };
		BCC722F8212AF02D002AB760 /* TCConnetServiceViewController.h */ = {isa = PBXFileReference; lastKnownFileType = sourcecode.c.h; path = TCConnetServiceViewController.h; sourceTree = "<group>"; };
		BCC722F9212AF02D002AB760 /* TCConnetServiceViewController.m */ = {isa = PBXFileReference; lastKnownFileType = sourcecode.c.objc; path = TCConnetServiceViewController.m; sourceTree = "<group>"; };
/* End PBXFileReference section */

/* Begin PBXFrameworksBuildPhase section */
		4DAEDFD6212563C2009FFB4B /* Frameworks */ = {
			isa = PBXFrameworksBuildPhase;
			buildActionMask = 2147483647;
			files = (
				87793A2AC15CC579EC6FBB9C /* Pods_TClient.framework in Frameworks */,
			);
			runOnlyForDeploymentPostprocessing = 0;
		};
/* End PBXFrameworksBuildPhase section */

/* Begin PBXGroup section */
		11CB7BC0D67BCC47E17B6F50 /* Pods */ = {
			isa = PBXGroup;
			children = (
				1901D53F14175A9E42ED3884 /* Pods-TClient.debug.xcconfig */,
				668AA330E3A3DC0E9812374E /* Pods-TClient.release.xcconfig */,
			);
			name = Pods;
			sourceTree = "<group>";
		};
		4D031E13213F67C700E0372F /* Model */ = {
			isa = PBXGroup;
			children = (
				4D031E15213F67F000E0372F /* TCUserManger.h */,
				4D031E16213F67F000E0372F /* TCUserManger.m */,
				4D031E18213F687600E0372F /* TCUserInfoModel.h */,
				4D031E19213F687600E0372F /* TCUserInfoModel.m */,
			);
			path = Model;
			sourceTree = "<group>";
		};
		4D031E1E213FCA8000E0372F /* AreaTool */ = {
			isa = PBXGroup;
			children = (
				4D031E1F213FCA9500E0372F /* TAreaModel.h */,
				4D031E20213FCA9600E0372F /* TAreaModel.m */,
				4D031E22213FCB0000E0372F /* TAreaTool.h */,
				4D031E23213FCB0000E0372F /* TAreaTool.m */,
				4D9A30FD2140FE270084D8E4 /* TCSelectAreaView.h */,
				4D9A30FE2140FE270084D8E4 /* TCSelectAreaView.m */,
				4D9A31002140FF700084D8E4 /* TCSelectAreaView.xib */,
			);
			path = AreaTool;
			sourceTree = "<group>";
		};
		4D031E2E213FD5BA00E0372F /* FileCacheTool */ = {
			isa = PBXGroup;
			children = (
				4D031E26213FD56F00E0372F /* EGetCacheSize.h */,
				4D031E25213FD56F00E0372F /* EGetCacheSize.m */,
				4D031E28213FD59400E0372F /* ESystemTool.h */,
				4D031E29213FD59400E0372F /* ESystemTool.m */,
				4D031E2C213FD5AD00E0372F /* ESandBoxTool.h */,
				4D031E2B213FD5AC00E0372F /* ESandBoxTool.m */,
			);
			path = FileCacheTool;
			sourceTree = "<group>";
		};
		4D031E2F213FDAC800E0372F /* UploadImage */ = {
			isa = PBXGroup;
			children = (
				4D031E39213FDCEF00E0372F /* TUploadTool.h */,
				4D031E3A213FDCEF00E0372F /* TUploadTool.m */,
			);
			path = UploadImage;
			sourceTree = "<group>";
		};
		4D0FEEBB212BB1B60021E9E8 /* RegisterQuery */ = {
			isa = PBXGroup;
			children = (
				4D0FEEBC212BB2010021E9E8 /* TCRegisterQueryVC.h */,
				4D0FEEBD212BB2010021E9E8 /* TCRegisterQueryVC.m */,
			);
			path = RegisterQuery;
			sourceTree = "<group>";
		};
		4D0FEEBF212BB20F0021E9E8 /* rechargeRecord */ = {
			isa = PBXGroup;
			children = (
				BC61731F212C3C21003AA3C4 /* Cell */,
				BC617316212C3BCF003AA3C4 /* Tool */,
				BC617315212C3BBE003AA3C4 /* VC */,
			);
			path = rechargeRecord;
			sourceTree = "<group>";
		};
		4D0FEEC3212BB2570021E9E8 /* accountChange */ = {
			isa = PBXGroup;
			children = (
				BC61732C212C4458003AA3C4 /* Tool */,
				BC617326212C430E003AA3C4 /* View */,
				BC617325212C4303003AA3C4 /* VC */,
			);
			path = accountChange;
			sourceTree = "<group>";
		};
		4D0FEEC7212BB28F0021E9E8 /* inviteFriend */ = {
			isa = PBXGroup;
			children = (
				4D0FEEC8212BB2D80021E9E8 /* TCInviteFriendVC.h */,
				4D0FEEC9212BB2D80021E9E8 /* TCInviteFriendVC.m */,
			);
			path = inviteFriend;
			sourceTree = "<group>";
		};
		4D0FEECB212BB2DD0021E9E8 /* UnderMerchan */ = {
			isa = PBXGroup;
			children = (
				BC617332212C46D3003AA3C4 /* View */,
				BC617331212C46CC003AA3C4 /* Tool */,
				BC617330212C46C0003AA3C4 /* VC */,
			);
			path = UnderMerchan;
			sourceTree = "<group>";
		};
		4D0FEECF212BB35A0021E9E8 /* CommonSense */ = {
			isa = PBXGroup;
			children = (
				4D0FEED0212BB37B0021E9E8 /* TCCommonSenseVC.h */,
				4D0FEED1212BB37B0021E9E8 /* TCCommonSenseVC.m */,
			);
			path = CommonSense;
			sourceTree = "<group>";
		};
		4D0FEED3212BE5F80021E9E8 /* RechargeCash */ = {
			isa = PBXGroup;
			children = (
				4D0FEED4212BE63A0021E9E8 /* TCRechargeCashVC.h */,
				4D0FEED5212BE63A0021E9E8 /* TCRechargeCashVC.m */,
			);
			path = RechargeCash;
			sourceTree = "<group>";
		};
		4D0FEED7212BF4E40021E9E8 /* QRCodeRegister */ = {
			isa = PBXGroup;
			children = (
				BC5CA21E2146B33E0050BA68 /* Model */,
				4D0FEEE9212C083A0021E9E8 /* Tool */,
				4D0FEEE0212C04C00021E9E8 /* View */,
				4D0FEEDF212C04B30021E9E8 /* VC */,
			);
			path = QRCodeRegister;
			sourceTree = "<group>";
		};
		4D0FEEDB212BF5080021E9E8 /* UnlockTask */ = {
			isa = PBXGroup;
			children = (
				BC5CA2222146BA150050BA68 /* Model */,
				4D0FEEDC212BF5900021E9E8 /* TCUnlockTaskVC.h */,
				4D0FEEDD212BF5900021E9E8 /* TCUnlockTaskVC.m */,
			);
			path = UnlockTask;
			sourceTree = "<group>";
		};
		4D0FEEDF212C04B30021E9E8 /* VC */ = {
			isa = PBXGroup;
			children = (
				4D0FEED8212BF4FE0021E9E8 /* TCQRCodeRegisterVC.h */,
				4D0FEED9212BF4FE0021E9E8 /* TCQRCodeRegisterVC.m */,
			);
			path = VC;
			sourceTree = "<group>";
		};
		4D0FEEE0212C04C00021E9E8 /* View */ = {
			isa = PBXGroup;
			children = (
				4D0FEEE1212C04EA0021E9E8 /* TCQROrderCell.h */,
				4D0FEEE2212C04EA0021E9E8 /* TCQROrderCell.m */,
				4D0FEEE3212C04EA0021E9E8 /* TCQROrderCell.xib */,
				BC34C5F62147F95400768C3E /* TCAROrderHeaderView.h */,
				BC34C5F72147F95400768C3E /* TCAROrderHeaderView.m */,
				BC34C5F92147F96400768C3E /* TCAROrderHeaderView.xib */,
			);
			path = View;
			sourceTree = "<group>";
		};
		4D0FEEE9212C083A0021E9E8 /* Tool */ = {
			isa = PBXGroup;
			children = (
				4D0FEEE6212C08320021E9E8 /* TCQRSection.h */,
				4D0FEEE7212C08320021E9E8 /* TCQRSection.m */,
			);
			path = Tool;
			sourceTree = "<group>";
		};
		4D469DB2212FFD7B000E76B8 /* Login */ = {
			isa = PBXGroup;
			children = (
				4D031E13213F67C700E0372F /* Model */,
				4D469DB3212FFD86000E76B8 /* VC */,
			);
			path = Login;
			sourceTree = "<group>";
		};
		4D469DB3212FFD86000E76B8 /* VC */ = {
			isa = PBXGroup;
			children = (
				4D469DB4212FFDA1000E76B8 /* TCLoginViewController.h */,
				4D469DB5212FFDA1000E76B8 /* TCLoginViewController.m */,
				4D469DB6212FFDA1000E76B8 /* TCLoginViewController.xib */,
			);
			path = VC;
			sourceTree = "<group>";
		};
		4DAEDFD0212563C2009FFB4B = {
			isa = PBXGroup;
			children = (
				4DAEDFDB212563C2009FFB4B /* TClient */,
				4DAEDFDA212563C2009FFB4B /* Products */,
				11CB7BC0D67BCC47E17B6F50 /* Pods */,
				B571CAB525815AE8F29CEAFE /* Frameworks */,
			);
			sourceTree = "<group>";
		};
		4DAEDFDA212563C2009FFB4B /* Products */ = {
			isa = PBXGroup;
			children = (
				4DAEDFD9212563C2009FFB4B /* TClient.app */,
			);
			name = Products;
			sourceTree = "<group>";
		};
		4DAEDFDB212563C2009FFB4B /* TClient */ = {
			isa = PBXGroup;
			children = (
				4DAEDFDC212563C2009FFB4B /* AppDelegate.h */,
				4DAEDFDD212563C2009FFB4B /* AppDelegate.m */,
				4DB7E5D721269F2C009FDA22 /* Home */,
				4DB7E5D621269F0C009FDA22 /* Order */,
				4DB7E5D521269F06009FDA22 /* Mine */,
				4DAEE01421256715009FFB4B /* Comm */,
				4DB7E56521266255009FDA22 /* TKits */,
				4DAEDFE5212563C5009FFB4B /* Assets.xcassets */,
				4DAEDFEA212563C5009FFB4B /* Info.plist */,
				4DB7E6082126A9B4009FDA22 /* LaunchScreen.xib */,
				4DB7E5B32126632D009FDA22 /* TClient.pch */,
				4DAEDFEB212563C5009FFB4B /* main.m */,
			);
			path = TClient;
			sourceTree = "<group>";
		};
		4DAEE01421256715009FFB4B /* Comm */ = {
			isa = PBXGroup;
			children = (
				4D031E1E213FCA8000E0372F /* AreaTool */,
				4DB7E5B421266347009FDA22 /* TBasicDefine.h */,
				4DAEE0152125671E009FFB4B /* BaseVc */,
			);
			path = Comm;
			sourceTree = "<group>";
		};
		4DAEE0152125671E009FFB4B /* BaseVc */ = {
			isa = PBXGroup;
			children = (
				4DB7E5D321269E75009FDA22 /* TTabBarViewController.h */,
				4DB7E5D221269E75009FDA22 /* TTabBarViewController.m */,
				4DAEE01621256786009FFB4B /* TBaseViewcontroller.h */,
				4DAEE01721256786009FFB4B /* TBaseViewcontroller.m */,
				4DAEE019212573A8009FFB4B /* TNavViewController.h */,
				4DAEE01A212573A8009FFB4B /* TNavViewController.m */,
			);
			path = BaseVc;
			sourceTree = "<group>";
		};
		4DB48E2A213E566200F6375C /* RequestTool */ = {
			isa = PBXGroup;
			children = (
				4DB48E27213E565400F6375C /* THTTPRequestTool.h */,
				4DB48E28213E565400F6375C /* THTTPRequestTool.m */,
				4DB48E2B213E567B00F6375C /* TResponse.h */,
				4DB48E2C213E567B00F6375C /* TResponse.m */,
			);
			path = RequestTool;
			sourceTree = "<group>";
		};
		4DB7E56521266255009FDA22 /* TKits */ = {
			isa = PBXGroup;
			children = (
				4DB7E58E2126626B009FDA22 /* Category */,
				4DB7E5762126626B009FDA22 /* MBProgressHUD-private */,
				4DB7E57C2126626B009FDA22 /* MMPopupView-private */,
				4DB7E5662126626B009FDA22 /* Tool */,
				4DB7E5692126626B009FDA22 /* WM */,
			);
			path = TKits;
			sourceTree = "<group>";
		};
		4DB7E5662126626B009FDA22 /* Tool */ = {
			isa = PBXGroup;
			children = (
				4D031E2F213FDAC800E0372F /* UploadImage */,
				4D031E2E213FD5BA00E0372F /* FileCacheTool */,
				4DB48E2A213E566200F6375C /* RequestTool */,
				4DCAF624212A4C140087EE00 /* TableViewTool */,
				4DB7E5672126626B009FDA22 /* T2TView.m */,
				4DB7E5682126626B009FDA22 /* T2TView.h */,
				4DB7E60F2126B1BD009FDA22 /* TComputerTextHeightTool.h */,
				4DB7E6102126B1BD009FDA22 /* TComputerTextHeightTool.m */,
				BC17F0D0214E276800529024 /* TLodingHub.h */,
				BC17F0D1214E276800529024 /* TLodingHub.m */,
				BC17F0D3214E277500529024 /* TLodingHub.xib */,
				BC17F0D5214E296D00529024 /* loding.gif */,
				BC17F0D7214E321400529024 /* TFailhub.h */,
				BC17F0D8214E321400529024 /* TFailhub.m */,
				BC17F0DA214E322200529024 /* TFailhub.xib */,
			);
			path = Tool;
			sourceTree = "<group>";
		};
		4DB7E5692126626B009FDA22 /* WM */ = {
			isa = PBXGroup;
			children = (
				4DB7E56B2126626B009FDA22 /* WMPageConst.h */,
				4DB7E56C2126626B009FDA22 /* WMMenuView */,
				4DB7E5752126626B009FDA22 /* WMPageController.h */,
				4DB7E56A2126626B009FDA22 /* WMPageController.m */,
			);
			path = WM;
			sourceTree = "<group>";
		};
		4DB7E56C2126626B009FDA22 /* WMMenuView */ = {
			isa = PBXGroup;
			children = (
				4DB7E56D2126626B009FDA22 /* WMScrollView.h */,
				4DB7E5722126626B009FDA22 /* WMScrollView.m */,
				4DB7E56E2126626B009FDA22 /* WMMenuItem.h */,
				4DB7E5712126626B009FDA22 /* WMMenuItem.m */,
				4DB7E56F2126626B009FDA22 /* WMMenuView.h */,
				4DB7E5732126626B009FDA22 /* WMMenuView.m */,
				4DB7E5702126626B009FDA22 /* WMProgressView.h */,
				4DB7E5742126626B009FDA22 /* WMProgressView.m */,
			);
			path = WMMenuView;
			sourceTree = "<group>";
		};
		4DB7E5762126626B009FDA22 /* MBProgressHUD-private */ = {
			isa = PBXGroup;
			children = (
				4DB7E5772126626B009FDA22 /* MBProgressHUD.m */,
				4DB7E5782126626B009FDA22 /* MBProgressHUD+MJ.h */,
				4DB7E5792126626B009FDA22 /* MBProgressHUD.h */,
				4DB7E57A2126626B009FDA22 /* MBProgressHUD+MJ.m */,
				4DB7E57B2126626B009FDA22 /* MBProgressHUD.bundle */,
			);
			path = "MBProgressHUD-private";
			sourceTree = "<group>";
		};
		4DB7E57C2126626B009FDA22 /* MMPopupView-private */ = {
			isa = PBXGroup;
			children = (
				4DB7E5882126626B009FDA22 /* MMAlertView.h */,
				4DB7E57E2126626B009FDA22 /* MMAlertView.m */,
				4DB7E5862126626B009FDA22 /* MMSheetView.h */,
				4DB7E57F2126626B009FDA22 /* MMSheetView.m */,
				4DB7E58C2126626B009FDA22 /* MMPopupCategory.h */,
				4DB7E5812126626B009FDA22 /* MMPopupCategory.m */,
				4DB7E5832126626B009FDA22 /* TPopViewController.h */,
				4DB7E58B2126626B009FDA22 /* TPopViewController.m */,
				4DB7E5852126626B009FDA22 /* TAlertController.h */,
				4DB7E57D2126626B009FDA22 /* TAlertController.m */,
				4DB7E5872126626B009FDA22 /* MMPopupDefine.h */,
				4DB7E58A2126626B009FDA22 /* MMPopupWindow.h */,
				4DB7E5842126626B009FDA22 /* MMPopupWindow.m */,
				4DB7E5802126626B009FDA22 /* MMPopupView.h */,
				4DB7E5892126626B009FDA22 /* MMPopupView.m */,
				4DB7E5822126626B009FDA22 /* MMPopupItem.h */,
				4DB7E58D2126626B009FDA22 /* MMPopupItem.m */,
			);
			path = "MMPopupView-private";
			sourceTree = "<group>";
		};
		4DB7E58E2126626B009FDA22 /* Category */ = {
			isa = PBXGroup;
			children = (
				4D031E36213FDB1500E0372F /* NSString+TDigest.h */,
				4D031E37213FDB1600E0372F /* NSString+TDigest.m */,
				4D031E34213FDB0800E0372F /* UIImage+Scale.h */,
				4D031E33213FDB0700E0372F /* UIImage+Scale.m */,
				4DB7E60D2126B17C009FDA22 /* UIBarButtonItem+WB.h */,
				4DB7E60C2126B17C009FDA22 /* UIBarButtonItem+WB.m */,
				4DB7E5CF21269E55009FDA22 /* UIImage+TUtil.h */,
				4DB7E5D021269E55009FDA22 /* UIImage+TUtil.m */,
				4DB7E5952126626B009FDA22 /* UIView+Nib.h */,
				4DB7E58F2126626B009FDA22 /* UIView+Nib.m */,
				4DB7E5972126626B009FDA22 /* NSObject+EFoundation.h */,
				4DB7E5902126626B009FDA22 /* NSObject+EFoundation.m */,
				4DB7E5962126626B009FDA22 /* UIColor+Hex.h */,
				4DB7E5912126626B009FDA22 /* UIColor+Hex.m */,
				4DB7E5922126626B009FDA22 /* NSString+MD5.h */,
				4DB7E5982126626B009FDA22 /* NSString+MD5.m */,
				4DB7E5992126626B009FDA22 /* UIView+AddOther.h */,
				4DB7E5942126626B009FDA22 /* UIView+AddOther.m */,
				4DB7E5932126626B009FDA22 /* UITableView+TRegisterCell.h */,
				4DB7E59A2126626B009FDA22 /* UITableView+TRegisterCell.m */,
			);
			path = Category;
			sourceTree = "<group>";
		};
		4DB7E5D521269F06009FDA22 /* Mine */ = {
			isa = PBXGroup;
			children = (
				4D469DB2212FFD7B000E76B8 /* Login */,
				BCA56B08212EE71E00999DA5 /* Register */,
				4D0FEED3212BE5F80021E9E8 /* RechargeCash */,
				4D0FEECF212BB35A0021E9E8 /* CommonSense */,
				4D0FEECB212BB2DD0021E9E8 /* UnderMerchan */,
				4D0FEEC7212BB28F0021E9E8 /* inviteFriend */,
				4D0FEEC3212BB2570021E9E8 /* accountChange */,
				4D0FEEBF212BB20F0021E9E8 /* rechargeRecord */,
				4D0FEEBB212BB1B60021E9E8 /* RegisterQuery */,
				BCC72305212AF09A002AB760 /* ChangePwd */,
				BCC722FB212AF032002AB760 /* UserInfo */,
				BCC722F6212AF002002AB760 /* ConnectService */,
				BCC722F1212AEFC9002AB760 /* UserChange */,
				4DCAF62C212A4F4F0087EE00 /* MineHomeCenter */,
			);
			path = Mine;
			sourceTree = "<group>";
		};
		4DB7E5D621269F0C009FDA22 /* Order */ = {
			isa = PBXGroup;
			children = (
				4D0FEEDB212BF5080021E9E8 /* UnlockTask */,
				4D0FEED7212BF4E40021E9E8 /* QRCodeRegister */,
				4DB7E5DB21269F5F009FDA22 /* TCOrderViewController.h */,
				4DB7E5DC21269F5F009FDA22 /* TCOrderViewController.m */,
			);
			path = Order;
			sourceTree = "<group>";
		};
		4DB7E5D721269F2C009FDA22 /* Home */ = {
			isa = PBXGroup;
			children = (
				BC48C458214FE616006195B0 /* pushLimit */,
				BC48C457214FE609006195B0 /* homePage */,
			);
			path = Home;
			sourceTree = "<group>";
		};
		4DCAF624212A4C140087EE00 /* TableViewTool */ = {
			isa = PBXGroup;
			children = (
				4DCAF626212A4C260087EE00 /* TOBaseSection.h */,
				4DCAF628212A4C270087EE00 /* TOBaseSection.m */,
				4DCAF625212A4C260087EE00 /* TOTableViewTool.h */,
				4DCAF627212A4C270087EE00 /* TOTableViewTool.m */,
			);
			path = TableViewTool;
			sourceTree = "<group>";
		};
		4DCAF62B212A4F440087EE00 /* VC */ = {
			isa = PBXGroup;
			children = (
				4DB7E5DE21269F69009FDA22 /* TCMineViewController.h */,
				4DB7E5DF21269F69009FDA22 /* TCMineViewController.m */,
			);
			path = VC;
			sourceTree = "<group>";
		};
		4DCAF62C212A4F4F0087EE00 /* MineHomeCenter */ = {
			isa = PBXGroup;
			children = (
				BCC722DB212AE4FA002AB760 /* Model */,
				4DCAF664212AB7930087EE00 /* Tool */,
				4DCAF62D212A4F650087EE00 /* View */,
				4DCAF62B212A4F440087EE00 /* VC */,
			);
			path = MineHomeCenter;
			sourceTree = "<group>";
		};
		4DCAF62D212A4F650087EE00 /* View */ = {
			isa = PBXGroup;
			children = (
				4DCAF67A212AB7E10087EE00 /* TNUHeadBgView.h */,
				4DCAF67B212AB7E10087EE00 /* TNUHeadBgView.m */,
				4DCAF66B212AB7AF0087EE00 /* TCMHHeaderCell.h */,
				4DCAF672212AB7B00087EE00 /* TCMHHeaderCell.m */,
				4DCAF671212AB7AF0087EE00 /* TCMHHeaderCell.xib */,
				4DCAF670212AB7AF0087EE00 /* TCMHInfoTableViewCell.h */,
				4DCAF673212AB7B00087EE00 /* TCMHInfoTableViewCell.m */,
				4DCAF66F212AB7AF0087EE00 /* TCMHInfoTableViewCell.xib */,
				4DCAF66D212AB7AF0087EE00 /* TCMHTableFootView.h */,
				4DCAF66C212AB7AF0087EE00 /* TCMHTableFootView.m */,
				4DCAF66E212AB7AF0087EE00 /* TCMHTableFootView.xib */,
			);
			path = View;
			sourceTree = "<group>";
		};
		4DCAF664212AB7930087EE00 /* Tool */ = {
			isa = PBXGroup;
			children = (
				4DCAF667212AB7930087EE00 /* TCMineHeaderSection.h */,
				4DCAF665212AB7930087EE00 /* TCMineHeaderSection.m */,
				4DCAF668212AB7930087EE00 /* TCMHInfoSection.h */,
				4DCAF666212AB7930087EE00 /* TCMHInfoSection.m */,
			);
			path = Tool;
			sourceTree = "<group>";
		};
		B571CAB525815AE8F29CEAFE /* Frameworks */ = {
			isa = PBXGroup;
			children = (
				377B444E7A9DDC5E4A67C660 /* Pods_TClient.framework */,
			);
			name = Frameworks;
			sourceTree = "<group>";
		};
		BC17F0C7214DFE4A00529024 /* View */ = {
			isa = PBXGroup;
			children = (
				BC17F0C8214DFE8900529024 /* TCHomeCommissionTypeView.h */,
				BC17F0C9214DFE8900529024 /* TCHomeCommissionTypeView.m */,
			);
			path = View;
			sourceTree = "<group>";
		};
		BC17F0CB214DFE8E00529024 /* VC */ = {
			isa = PBXGroup;
			children = (
				BC17F0C2214DF46F00529024 /* TCHomeViewController.h */,
				BC17F0C3214DF46F00529024 /* TCHomeViewController.m */,
				BC17F0C4214DF46F00529024 /* TCHomeViewController.xib */,
			);
			path = VC;
			sourceTree = "<group>";
		};
		BC17F0CC214DFFEF00529024 /* Model */ = {
			isa = PBXGroup;
			children = (
				BC17F0CD214E000B00529024 /* TCHomeModel.h */,
				BC17F0CE214E000B00529024 /* TCHomeModel.m */,
			);
			path = Model;
			sourceTree = "<group>";
		};
		BC48C457214FE609006195B0 /* homePage */ = {
			isa = PBXGroup;
			children = (
				BC17F0CC214DFFEF00529024 /* Model */,
				BC17F0C7214DFE4A00529024 /* View */,
				BC17F0CB214DFE8E00529024 /* VC */,
			);
			path = homePage;
			sourceTree = "<group>";
		};
		BC48C458214FE616006195B0 /* pushLimit */ = {
			isa = PBXGroup;
			children = (
				BC48C459214FE624006195B0 /* VC */,
			);
			path = pushLimit;
			sourceTree = "<group>";
		};
		BC48C459214FE624006195B0 /* VC */ = {
			isa = PBXGroup;
			children = (
				BC48C45A214FE63D006195B0 /* TCPushLimitViewController.h */,
				BC48C45B214FE63D006195B0 /* TCPushLimitViewController.m */,
				BC48C45C214FE63D006195B0 /* TCPushLimitViewController.xib */,
			);
			path = VC;
			sourceTree = "<group>";
		};
		BC5CA21E2146B33E0050BA68 /* Model */ = {
			isa = PBXGroup;
			children = (
				BC5CA21F2146B3A90050BA68 /* TCRegisterOrderListModel.h */,
				BC5CA2202146B3A90050BA68 /* TCRegisterOrderListModel.m */,
			);
			path = Model;
			sourceTree = "<group>";
		};
		BC5CA2222146BA150050BA68 /* Model */ = {
			isa = PBXGroup;
			children = (
				BC5CA2232146BA530050BA68 /* TCUnlockTaskListModel.h */,
				BC5CA2242146BA530050BA68 /* TCUnlockTaskListModel.m */,
			);
			path = Model;
			sourceTree = "<group>";
		};
		BC617315212C3BBE003AA3C4 /* VC */ = {
			isa = PBXGroup;
			children = (
				4D0FEEC0212BB23D0021E9E8 /* TCRechargeRecordVC.h */,
				4D0FEEC1212BB23D0021E9E8 /* TCRechargeRecordVC.m */,
			);
			path = VC;
			sourceTree = "<group>";
		};
		BC617316212C3BCF003AA3C4 /* Tool */ = {
			isa = PBXGroup;
			children = (
				BC617317212C3BEE003AA3C4 /* TCRechargeRecordSection.h */,
				BC617318212C3BEE003AA3C4 /* TCRechargeRecordSection.m */,
			);
			path = Tool;
			sourceTree = "<group>";
		};
		BC61731F212C3C21003AA3C4 /* Cell */ = {
			isa = PBXGroup;
			children = (
				BC617320212C3D5C003AA3C4 /* TCRechargeRecordCell.h */,
				BC617321212C3D5C003AA3C4 /* TCRechargeRecordCell.m */,
				BC617322212C3D5C003AA3C4 /* TCRechargeRecordCell.xib */,
			);
			path = Cell;
			sourceTree = "<group>";
		};
		BC617325212C4303003AA3C4 /* VC */ = {
			isa = PBXGroup;
			children = (
				4D0FEEC4212BB27E0021E9E8 /* TCAccountChangeVC.h */,
				4D0FEEC5212BB27E0021E9E8 /* TCAccountChangeVC.m */,
			);
			path = VC;
			sourceTree = "<group>";
		};
		BC617326212C430E003AA3C4 /* View */ = {
			isa = PBXGroup;
			children = (
				BC617327212C432A003AA3C4 /* TCAccountChangeCell.h */,
				BC617328212C432A003AA3C4 /* TCAccountChangeCell.m */,
				BC617329212C432A003AA3C4 /* TCAccountChangeCell.xib */,
			);
			path = View;
			sourceTree = "<group>";
		};
		BC61732C212C4458003AA3C4 /* Tool */ = {
			isa = PBXGroup;
			children = (
				BC61732D212C447D003AA3C4 /* TCAccountChangeSection.h */,
				BC61732E212C447D003AA3C4 /* TCAccountChangeSection.m */,
			);
			path = Tool;
			sourceTree = "<group>";
		};
		BC617330212C46C0003AA3C4 /* VC */ = {
			isa = PBXGroup;
			children = (
				4D0FEECC212BB3370021E9E8 /* TCUnderMerchantVC.h */,
				4D0FEECD212BB3370021E9E8 /* TCUnderMerchantVC.m */,
			);
			path = VC;
			sourceTree = "<group>";
		};
		BC617331212C46CC003AA3C4 /* Tool */ = {
			isa = PBXGroup;
			children = (
				BC0FB791212C4B7B005F8C57 /* TCMyFriendSection.h */,
				BC0FB792212C4B7B005F8C57 /* TCMyFriendSection.m */,
			);
			path = Tool;
			sourceTree = "<group>";
		};
		BC617332212C46D3003AA3C4 /* View */ = {
			isa = PBXGroup;
			children = (
				BC617333212C46F8003AA3C4 /* TCMyFriendCell.h */,
				BC617334212C46F8003AA3C4 /* TCMyFriendCell.m */,
				BC617335212C46F8003AA3C4 /* TCMyFriendCell.xib */,
				BC0FB795212C4D87005F8C57 /* TCMyFriendSectionHeaderView.h */,
				BC0FB796212C4D87005F8C57 /* TCMyFriendSectionHeaderView.m */,
				BC0FB798212C4D92005F8C57 /* TCMyFriendSectionHeaderView.xib */,
			);
			path = View;
			sourceTree = "<group>";
		};
		BCA56B08212EE71E00999DA5 /* Register */ = {
			isa = PBXGroup;
			children = (
				BCA56B09212EE72E00999DA5 /* VC */,
			);
			path = Register;
			sourceTree = "<group>";
		};
		BCA56B09212EE72E00999DA5 /* VC */ = {
			isa = PBXGroup;
			children = (
				BCA56B0A212EE76500999DA5 /* TCRegisterViewController.h */,
				BCA56B0B212EE76500999DA5 /* TCRegisterViewController.m */,
				BCA56B0C212EE76500999DA5 /* TCRegisterViewController.xib */,
			);
			path = VC;
			sourceTree = "<group>";
		};
		BCC722DB212AE4FA002AB760 /* Model */ = {
			isa = PBXGroup;
			children = (
				BCC722D7212AE4EB002AB760 /* TCMHCellConfigModel.h */,
				BCC722D6212AE4EB002AB760 /* TCMHCellConfigModel.m */,
			);
			path = Model;
			sourceTree = "<group>";
		};
		BCC722F1212AEFC9002AB760 /* UserChange */ = {
			isa = PBXGroup;
			children = (
				BCC722F2212AEFDF002AB760 /* VC */,
			);
			path = UserChange;
			sourceTree = "<group>";
		};
		BCC722F2212AEFDF002AB760 /* VC */ = {
			isa = PBXGroup;
			children = (
				BCC722F3212AEFFC002AB760 /* TCUserChangeViewController.h */,
				BCC722F4212AEFFC002AB760 /* TCUserChangeViewController.m */,
			);
			path = VC;
			sourceTree = "<group>";
		};
		BCC722F6212AF002002AB760 /* ConnectService */ = {
			isa = PBXGroup;
			children = (
				BCC722F7212AF012002AB760 /* VC */,
			);
			path = ConnectService;
			sourceTree = "<group>";
		};
		BCC722F7212AF012002AB760 /* VC */ = {
			isa = PBXGroup;
			children = (
				BCC722F8212AF02D002AB760 /* TCConnetServiceViewController.h */,
				BCC722F9212AF02D002AB760 /* TCConnetServiceViewController.m */,
			);
			path = VC;
			sourceTree = "<group>";
		};
		BCC722FB212AF032002AB760 /* UserInfo */ = {
			isa = PBXGroup;
			children = (
				BCC722FC212AF046002AB760 /* VC */,
			);
			path = UserInfo;
			sourceTree = "<group>";
		};
		BCC722FC212AF046002AB760 /* VC */ = {
			isa = PBXGroup;
			children = (
				4D9A30F82140B8100084D8E4 /* TCUserInfoViewController.h */,
				4D9A30F92140B8100084D8E4 /* TCUserInfoViewController.m */,
				4D9A30FA2140B8100084D8E4 /* TCUserInfoViewController.xib */,
			);
			path = VC;
			sourceTree = "<group>";
		};
		BCC72305212AF09A002AB760 /* ChangePwd */ = {
			isa = PBXGroup;
			children = (
				BCC72306212AF0A5002AB760 /* VC */,
			);
			path = ChangePwd;
			sourceTree = "<group>";
		};
		BCC72306212AF0A5002AB760 /* VC */ = {
			isa = PBXGroup;
			children = (
				4D0BB70B2141211800926491 /* TCChangePwdViewController.h */,
				4D0BB70C2141211800926491 /* TCChangePwdViewController.m */,
				4D0BB70D2141211800926491 /* TCChangePwdViewController.xib */,
			);
			path = VC;
			sourceTree = "<group>";
		};
/* End PBXGroup section */

/* Begin PBXNativeTarget section */
		4DAEDFD8212563C2009FFB4B /* TClient */ = {
			isa = PBXNativeTarget;
			buildConfigurationList = 4DAEDFEF212563C5009FFB4B /* Build configuration list for PBXNativeTarget "TClient" */;
			buildPhases = (
				0F08C1A4E4C9527941C8E98E /* [CP] Check Pods Manifest.lock */,
				4DAEDFD5212563C2009FFB4B /* Sources */,
				4DAEDFD6212563C2009FFB4B /* Frameworks */,
				4DAEDFD7212563C2009FFB4B /* Resources */,
				44C9E9C68BA2D86D3FF73FBE /* [CP] Embed Pods Frameworks */,
			);
			buildRules = (
			);
			dependencies = (
			);
			name = TClient;
			productName = TClient;
			productReference = 4DAEDFD9212563C2009FFB4B /* TClient.app */;
			productType = "com.apple.product-type.application";
		};
/* End PBXNativeTarget section */

/* Begin PBXProject section */
		4DAEDFD1212563C2009FFB4B /* Project object */ = {
			isa = PBXProject;
			attributes = {
				CLASSPREFIX = TC;
				LastUpgradeCheck = 0940;
				ORGANIZATIONNAME = Mark;
				TargetAttributes = {
					4DAEDFD8212563C2009FFB4B = {
						CreatedOnToolsVersion = 9.4.1;
						LastSwiftMigration = 0940;
						ProvisioningStyle = Automatic;
					};
				};
			};
			buildConfigurationList = 4DAEDFD4212563C2009FFB4B /* Build configuration list for PBXProject "TClient" */;
			compatibilityVersion = "Xcode 8.0";
			developmentRegion = en;
			hasScannedForEncodings = 0;
			knownRegions = (
				en,
				Base,
			);
			mainGroup = 4DAEDFD0212563C2009FFB4B;
			productRefGroup = 4DAEDFDA212563C2009FFB4B /* Products */;
			projectDirPath = "";
			projectRoot = "";
			targets = (
				4DAEDFD8212563C2009FFB4B /* TClient */,
			);
		};
/* End PBXProject section */

/* Begin PBXResourcesBuildPhase section */
		4DAEDFD7212563C2009FFB4B /* Resources */ = {
			isa = PBXResourcesBuildPhase;
			buildActionMask = 2147483647;
			files = (
				BC617324212C3D5C003AA3C4 /* TCRechargeRecordCell.xib in Resources */,
				BC48C45E214FE63D006195B0 /* TCPushLimitViewController.xib in Resources */,
				4DCAF677212AB7B00087EE00 /* TCMHHeaderCell.xib in Resources */,
				BC17F0DB214E322200529024 /* TFailhub.xib in Resources */,
				4D9A31012140FF700084D8E4 /* TCSelectAreaView.xib in Resources */,
				BC17F0D6214E296D00529024 /* loding.gif in Resources */,
				BC617337212C46F8003AA3C4 /* TCMyFriendCell.xib in Resources */,
				4D0FEEE5212C04EA0021E9E8 /* TCQROrderCell.xib in Resources */,
				4D0BB70F2141211800926491 /* TCChangePwdViewController.xib in Resources */,
				BC61732B212C432A003AA3C4 /* TCAccountChangeCell.xib in Resources */,
				BC34C5FA2147F96400768C3E /* TCAROrderHeaderView.xib in Resources */,
				4DB7E6092126A9B4009FDA22 /* LaunchScreen.xib in Resources */,
				4D9A30FC2140B8100084D8E4 /* TCUserInfoViewController.xib in Resources */,
				4DCAF675212AB7B00087EE00 /* TCMHTableFootView.xib in Resources */,
				4DCAF676212AB7B00087EE00 /* TCMHInfoTableViewCell.xib in Resources */,
				BC17F0C6214DF46F00529024 /* TCHomeViewController.xib in Resources */,
				BCA56B0E212EE76500999DA5 /* TCRegisterViewController.xib in Resources */,
				4D469DB8212FFDA1000E76B8 /* TCLoginViewController.xib in Resources */,
				4DAEDFE6212563C5009FFB4B /* Assets.xcassets in Resources */,
				BC0FB799212C4D92005F8C57 /* TCMyFriendSectionHeaderView.xib in Resources */,
				BC17F0D4214E277500529024 /* TLodingHub.xib in Resources */,
				4DB7E5A32126626B009FDA22 /* MBProgressHUD.bundle in Resources */,
			);
			runOnlyForDeploymentPostprocessing = 0;
		};
/* End PBXResourcesBuildPhase section */

/* Begin PBXShellScriptBuildPhase section */
		0F08C1A4E4C9527941C8E98E /* [CP] Check Pods Manifest.lock */ = {
			isa = PBXShellScriptBuildPhase;
			buildActionMask = 2147483647;
			files = (
			);
			inputPaths = (
				"${PODS_PODFILE_DIR_PATH}/Podfile.lock",
				"${PODS_ROOT}/Manifest.lock",
			);
			name = "[CP] Check Pods Manifest.lock";
			outputPaths = (
				"$(DERIVED_FILE_DIR)/Pods-TClient-checkManifestLockResult.txt",
			);
			runOnlyForDeploymentPostprocessing = 0;
			shellPath = /bin/sh;
			shellScript = "diff \"${PODS_PODFILE_DIR_PATH}/Podfile.lock\" \"${PODS_ROOT}/Manifest.lock\" > /dev/null\nif [ $? != 0 ] ; then\n    # print error to STDERR\n    echo \"error: The sandbox is not in sync with the Podfile.lock. Run 'pod install' or update your CocoaPods installation.\" >&2\n    exit 1\nfi\n# This output is used by Xcode 'outputs' to avoid re-running this script phase.\necho \"SUCCESS\" > \"${SCRIPT_OUTPUT_FILE_0}\"\n";
			showEnvVarsInLog = 0;
		};
		44C9E9C68BA2D86D3FF73FBE /* [CP] Embed Pods Frameworks */ = {
			isa = PBXShellScriptBuildPhase;
			buildActionMask = 2147483647;
			files = (
			);
			inputPaths = (
				"${SRCROOT}/Pods/Target Support Files/Pods-TClient/Pods-TClient-frameworks.sh",
				"${BUILT_PRODUCTS_DIR}/AFNetworking/AFNetworking.framework",
				"${BUILT_PRODUCTS_DIR}/FLAnimatedImage/FLAnimatedImage.framework",
				"${BUILT_PRODUCTS_DIR}/IQKeyboardManager/IQKeyboardManager.framework",
				"${BUILT_PRODUCTS_DIR}/MJExtension/MJExtension.framework",
				"${BUILT_PRODUCTS_DIR}/MJRefresh/MJRefresh.framework",
				"${BUILT_PRODUCTS_DIR}/Masonry/Masonry.framework",
				"${BUILT_PRODUCTS_DIR}/SDWebImage/SDWebImage.framework",
				"${BUILT_PRODUCTS_DIR}/TOWebViewController/TOWebViewController.framework",
			);
			name = "[CP] Embed Pods Frameworks";
			outputPaths = (
				"${TARGET_BUILD_DIR}/${FRAMEWORKS_FOLDER_PATH}/AFNetworking.framework",
				"${TARGET_BUILD_DIR}/${FRAMEWORKS_FOLDER_PATH}/FLAnimatedImage.framework",
				"${TARGET_BUILD_DIR}/${FRAMEWORKS_FOLDER_PATH}/IQKeyboardManager.framework",
				"${TARGET_BUILD_DIR}/${FRAMEWORKS_FOLDER_PATH}/MJExtension.framework",
				"${TARGET_BUILD_DIR}/${FRAMEWORKS_FOLDER_PATH}/MJRefresh.framework",
				"${TARGET_BUILD_DIR}/${FRAMEWORKS_FOLDER_PATH}/Masonry.framework",
				"${TARGET_BUILD_DIR}/${FRAMEWORKS_FOLDER_PATH}/SDWebImage.framework",
				"${TARGET_BUILD_DIR}/${FRAMEWORKS_FOLDER_PATH}/TOWebViewController.framework",
			);
			runOnlyForDeploymentPostprocessing = 0;
			shellPath = /bin/sh;
			shellScript = "\"${SRCROOT}/Pods/Target Support Files/Pods-TClient/Pods-TClient-frameworks.sh\"\n";
			showEnvVarsInLog = 0;
		};
/* End PBXShellScriptBuildPhase section */

/* Begin PBXSourcesBuildPhase section */
		4DAEDFD5212563C2009FFB4B /* Sources */ = {
			isa = PBXSourcesBuildPhase;
			buildActionMask = 2147483647;
			files = (
				4DB48E2E213E6A1A00F6375C /* THTTPRequestTool.m in Sources */,
				BC617336212C46F8003AA3C4 /* TCMyFriendCell.m in Sources */,
				4D031E27213FD56F00E0372F /* EGetCacheSize.m in Sources */,
				4D0FEEE4212C04EA0021E9E8 /* TCQROrderCell.m in Sources */,
				4D0FEECA212BB2D80021E9E8 /* TCInviteFriendVC.m in Sources */,
				BC0FB793212C4B7B005F8C57 /* TCMyFriendSection.m in Sources */,
				4DCAF678212AB7B00087EE00 /* TCMHHeaderCell.m in Sources */,
				4D0FEECE212BB3370021E9E8 /* TCUnderMerchantVC.m in Sources */,
				BC17F0D9214E321400529024 /* TFailhub.m in Sources */,
				4D0FEEBE212BB2010021E9E8 /* TCRegisterQueryVC.m in Sources */,
				4DB7E5D121269E55009FDA22 /* UIImage+TUtil.m in Sources */,
				4DB7E5E021269F69009FDA22 /* TCMineViewController.m in Sources */,
				4DB48E2D213E567B00F6375C /* TResponse.m in Sources */,
				4D031E38213FDB1600E0372F /* NSString+TDigest.m in Sources */,
				4DB7E5A92126626B009FDA22 /* MMPopupView.m in Sources */,
				4DCAF62A212A4C270087EE00 /* TOBaseSection.m in Sources */,
				4DB7E59F2126626B009FDA22 /* WMMenuView.m in Sources */,
				BC617319212C3BEE003AA3C4 /* TCRechargeRecordSection.m in Sources */,
				BC17F0CF214E000B00529024 /* TCHomeModel.m in Sources */,
				BCC722FA212AF02D002AB760 /* TCConnetServiceViewController.m in Sources */,
				4D0FEEDA212BF4FE0021E9E8 /* TCQRCodeRegisterVC.m in Sources */,
				4DB7E5AD2126626B009FDA22 /* NSObject+EFoundation.m in Sources */,
				4DCAF67C212AB7E20087EE00 /* TNUHeadBgView.m in Sources */,
				4DB7E5DD21269F5F009FDA22 /* TCOrderViewController.m in Sources */,
				4D031E17213F67F000E0372F /* TCUserManger.m in Sources */,
				4DAEDFEC212563C5009FFB4B /* main.m in Sources */,
				4DB7E5AB2126626B009FDA22 /* MMPopupItem.m in Sources */,
				4DCAF679212AB7B00087EE00 /* TCMHInfoTableViewCell.m in Sources */,
				4DB7E59C2126626B009FDA22 /* WMPageController.m in Sources */,
				4D0FEEC2212BB23D0021E9E8 /* TCRechargeRecordVC.m in Sources */,
				4DB7E5A52126626B009FDA22 /* MMAlertView.m in Sources */,
				4D031E35213FDB0800E0372F /* UIImage+Scale.m in Sources */,
				4D0FEED6212BE63A0021E9E8 /* TCRechargeCashVC.m in Sources */,
				4DCAF669212AB7930087EE00 /* TCMineHeaderSection.m in Sources */,
				4D0FEEC6212BB27E0021E9E8 /* TCAccountChangeVC.m in Sources */,
				4D9A30FB2140B8100084D8E4 /* TCUserInfoViewController.m in Sources */,
				BC5CA2252146BA530050BA68 /* TCUnlockTaskListModel.m in Sources */,
				4DAEE01B212573A8009FFB4B /* TNavViewController.m in Sources */,
				4DB7E5A62126626B009FDA22 /* MMSheetView.m in Sources */,
				4D469DB7212FFDA1000E76B8 /* TCLoginViewController.m in Sources */,
				BC48C45D214FE63D006195B0 /* TCPushLimitViewController.m in Sources */,
				BC34C5F82147F95400768C3E /* TCAROrderHeaderView.m in Sources */,
				BC5CA2212146B3A90050BA68 /* TCRegisterOrderListModel.m in Sources */,
				4DB7E60E2126B17C009FDA22 /* UIBarButtonItem+WB.m in Sources */,
				4DB7E5A22126626B009FDA22 /* MBProgressHUD+MJ.m in Sources */,
				BC17F0C5214DF46F00529024 /* TCHomeViewController.m in Sources */,
				4DCAF674212AB7B00087EE00 /* TCMHTableFootView.m in Sources */,
				4D031E21213FCA9600E0372F /* TAreaModel.m in Sources */,
				BCC722D9212AE4EB002AB760 /* TCMHCellConfigModel.m in Sources */,
				4DB7E5AA2126626B009FDA22 /* TPopViewController.m in Sources */,
				4DB7E5A82126626B009FDA22 /* MMPopupWindow.m in Sources */,
				4DB7E5AE2126626B009FDA22 /* UIColor+Hex.m in Sources */,
				BC617323212C3D5C003AA3C4 /* TCRechargeRecordCell.m in Sources */,
				BC0FB797212C4D87005F8C57 /* TCMyFriendSectionHeaderView.m in Sources */,
				4DAEE01821256786009FFB4B /* TBaseViewcontroller.m in Sources */,
				4DB7E5A72126626B009FDA22 /* MMPopupCategory.m in Sources */,
				BC17F0CA214DFE8900529024 /* TCHomeCommissionTypeView.m in Sources */,
				4DCAF629212A4C270087EE00 /* TOTableViewTool.m in Sources */,
				4D0FEEDE212BF5900021E9E8 /* TCUnlockTaskVC.m in Sources */,
				4D031E2D213FD5AD00E0372F /* ESandBoxTool.m in Sources */,
				4DB7E5AC2126626B009FDA22 /* UIView+Nib.m in Sources */,
				4DCAF66A212AB7930087EE00 /* TCMHInfoSection.m in Sources */,
				4DB7E5AF2126626B009FDA22 /* UIView+AddOther.m in Sources */,
				4D0FEED2212BB37B0021E9E8 /* TCCommonSenseVC.m in Sources */,
				4D031E2A213FD59500E0372F /* ESystemTool.m in Sources */,
				4DAEDFDE212563C2009FFB4B /* AppDelegate.m in Sources */,
				BC61732F212C447D003AA3C4 /* TCAccountChangeSection.m in Sources */,
				4D0BB70E2141211800926491 /* TCChangePwdViewController.m in Sources */,
				BC17F0D2214E276800529024 /* TLodingHub.m in Sources */,
				4DB7E5A12126626B009FDA22 /* MBProgressHUD.m in Sources */,
				4DB7E5B02126626B009FDA22 /* NSString+MD5.m in Sources */,
				BCC722F5212AEFFC002AB760 /* TCUserChangeViewController.m in Sources */,
				4D0FEEE8212C08320021E9E8 /* TCQRSection.m in Sources */,
				4DB7E5A02126626B009FDA22 /* WMProgressView.m in Sources */,
				4DB7E5B12126626B009FDA22 /* UITableView+TRegisterCell.m in Sources */,
				4D031E1A213F687600E0372F /* TCUserInfoModel.m in Sources */,
				4D031E24213FCB0000E0372F /* TAreaTool.m in Sources */,
				4DB7E59B2126626B009FDA22 /* T2TView.m in Sources */,
				4DB7E5A42126626B009FDA22 /* TAlertController.m in Sources */,
				4D9A30FF2140FE270084D8E4 /* TCSelectAreaView.m in Sources */,
				4DB7E59E2126626B009FDA22 /* WMScrollView.m in Sources */,
				4DB7E6112126B1BD009FDA22 /* TComputerTextHeightTool.m in Sources */,
				4DB7E5D421269E76009FDA22 /* TTabBarViewController.m in Sources */,
				BCA56B0D212EE76500999DA5 /* TCRegisterViewController.m in Sources */,
				BC61732A212C432A003AA3C4 /* TCAccountChangeCell.m in Sources */,
				4DB7E59D2126626B009FDA22 /* WMMenuItem.m in Sources */,
				4D031E3B213FDCEF00E0372F /* TUploadTool.m in Sources */,
			);
			runOnlyForDeploymentPostprocessing = 0;
		};
/* End PBXSourcesBuildPhase section */

/* Begin XCBuildConfiguration section */
		4DAEDFED212563C5009FFB4B /* Debug */ = {
			isa = XCBuildConfiguration;
			buildSettings = {
				ALWAYS_SEARCH_USER_PATHS = NO;
				CLANG_ANALYZER_NONNULL = YES;
				CLANG_ANALYZER_NUMBER_OBJECT_CONVERSION = YES_AGGRESSIVE;
				CLANG_CXX_LANGUAGE_STANDARD = "gnu++14";
				CLANG_CXX_LIBRARY = "libc++";
				CLANG_ENABLE_MODULES = YES;
				CLANG_ENABLE_OBJC_ARC = YES;
				CLANG_ENABLE_OBJC_WEAK = YES;
				CLANG_WARN_BLOCK_CAPTURE_AUTORELEASING = YES;
				CLANG_WARN_BOOL_CONVERSION = YES;
				CLANG_WARN_COMMA = YES;
				CLANG_WARN_CONSTANT_CONVERSION = YES;
				CLANG_WARN_DEPRECATED_OBJC_IMPLEMENTATIONS = YES;
				CLANG_WARN_DIRECT_OBJC_ISA_USAGE = YES_ERROR;
				CLANG_WARN_DOCUMENTATION_COMMENTS = YES;
				CLANG_WARN_EMPTY_BODY = YES;
				CLANG_WARN_ENUM_CONVERSION = YES;
				CLANG_WARN_INFINITE_RECURSION = YES;
				CLANG_WARN_INT_CONVERSION = YES;
				CLANG_WARN_NON_LITERAL_NULL_CONVERSION = YES;
				CLANG_WARN_OBJC_IMPLICIT_RETAIN_SELF = YES;
				CLANG_WARN_OBJC_LITERAL_CONVERSION = YES;
				CLANG_WARN_OBJC_ROOT_CLASS = YES_ERROR;
				CLANG_WARN_RANGE_LOOP_ANALYSIS = YES;
				CLANG_WARN_STRICT_PROTOTYPES = YES;
				CLANG_WARN_SUSPICIOUS_MOVE = YES;
				CLANG_WARN_UNGUARDED_AVAILABILITY = YES_AGGRESSIVE;
				CLANG_WARN_UNREACHABLE_CODE = YES;
				CLANG_WARN__DUPLICATE_METHOD_MATCH = YES;
				CODE_SIGN_IDENTITY = "iPhone Developer";
				COPY_PHASE_STRIP = NO;
				DEBUG_INFORMATION_FORMAT = dwarf;
				ENABLE_STRICT_OBJC_MSGSEND = YES;
				ENABLE_TESTABILITY = YES;
				GCC_C_LANGUAGE_STANDARD = gnu11;
				GCC_DYNAMIC_NO_PIC = NO;
				GCC_NO_COMMON_BLOCKS = YES;
				GCC_OPTIMIZATION_LEVEL = 0;
				GCC_PREPROCESSOR_DEFINITIONS = (
					"DEBUG=1",
					"$(inherited)",
				);
				GCC_WARN_64_TO_32_BIT_CONVERSION = YES;
				GCC_WARN_ABOUT_RETURN_TYPE = YES_ERROR;
				GCC_WARN_UNDECLARED_SELECTOR = YES;
				GCC_WARN_UNINITIALIZED_AUTOS = YES_AGGRESSIVE;
				GCC_WARN_UNUSED_FUNCTION = YES;
				GCC_WARN_UNUSED_VARIABLE = YES;
				IPHONEOS_DEPLOYMENT_TARGET = 11.4;
				MTL_ENABLE_DEBUG_INFO = YES;
				ONLY_ACTIVE_ARCH = YES;
				SDKROOT = iphoneos;
			};
			name = Debug;
		};
		4DAEDFEE212563C5009FFB4B /* Release */ = {
			isa = XCBuildConfiguration;
			buildSettings = {
				ALWAYS_SEARCH_USER_PATHS = NO;
				CLANG_ANALYZER_NONNULL = YES;
				CLANG_ANALYZER_NUMBER_OBJECT_CONVERSION = YES_AGGRESSIVE;
				CLANG_CXX_LANGUAGE_STANDARD = "gnu++14";
				CLANG_CXX_LIBRARY = "libc++";
				CLANG_ENABLE_MODULES = YES;
				CLANG_ENABLE_OBJC_ARC = YES;
				CLANG_ENABLE_OBJC_WEAK = YES;
				CLANG_WARN_BLOCK_CAPTURE_AUTORELEASING = YES;
				CLANG_WARN_BOOL_CONVERSION = YES;
				CLANG_WARN_COMMA = YES;
				CLANG_WARN_CONSTANT_CONVERSION = YES;
				CLANG_WARN_DEPRECATED_OBJC_IMPLEMENTATIONS = YES;
				CLANG_WARN_DIRECT_OBJC_ISA_USAGE = YES_ERROR;
				CLANG_WARN_DOCUMENTATION_COMMENTS = YES;
				CLANG_WARN_EMPTY_BODY = YES;
				CLANG_WARN_ENUM_CONVERSION = YES;
				CLANG_WARN_INFINITE_RECURSION = YES;
				CLANG_WARN_INT_CONVERSION = YES;
				CLANG_WARN_NON_LITERAL_NULL_CONVERSION = YES;
				CLANG_WARN_OBJC_IMPLICIT_RETAIN_SELF = YES;
				CLANG_WARN_OBJC_LITERAL_CONVERSION = YES;
				CLANG_WARN_OBJC_ROOT_CLASS = YES_ERROR;
				CLANG_WARN_RANGE_LOOP_ANALYSIS = YES;
				CLANG_WARN_STRICT_PROTOTYPES = YES;
				CLANG_WARN_SUSPICIOUS_MOVE = YES;
				CLANG_WARN_UNGUARDED_AVAILABILITY = YES_AGGRESSIVE;
				CLANG_WARN_UNREACHABLE_CODE = YES;
				CLANG_WARN__DUPLICATE_METHOD_MATCH = YES;
				CODE_SIGN_IDENTITY = "iPhone Developer";
				COPY_PHASE_STRIP = NO;
				DEBUG_INFORMATION_FORMAT = "dwarf-with-dsym";
				ENABLE_NS_ASSERTIONS = NO;
				ENABLE_STRICT_OBJC_MSGSEND = YES;
				GCC_C_LANGUAGE_STANDARD = gnu11;
				GCC_NO_COMMON_BLOCKS = YES;
				GCC_WARN_64_TO_32_BIT_CONVERSION = YES;
				GCC_WARN_ABOUT_RETURN_TYPE = YES_ERROR;
				GCC_WARN_UNDECLARED_SELECTOR = YES;
				GCC_WARN_UNINITIALIZED_AUTOS = YES_AGGRESSIVE;
				GCC_WARN_UNUSED_FUNCTION = YES;
				GCC_WARN_UNUSED_VARIABLE = YES;
				IPHONEOS_DEPLOYMENT_TARGET = 11.4;
				MTL_ENABLE_DEBUG_INFO = NO;
				SDKROOT = iphoneos;
				VALIDATE_PRODUCT = YES;
			};
			name = Release;
		};
		4DAEDFF0212563C5009FFB4B /* Debug */ = {
			isa = XCBuildConfiguration;
			baseConfigurationReference = 1901D53F14175A9E42ED3884 /* Pods-TClient.debug.xcconfig */;
			buildSettings = {
				ASSETCATALOG_COMPILER_APPICON_NAME = AppIcon;
				CLANG_ENABLE_MODULES = YES;
				CODE_SIGN_STYLE = Automatic;
				DEVELOPMENT_TEAM = 3UF52T2NV2;
				GCC_PREFIX_HEADER = "$(SRCROOT)/TClient/TClient.pch";
				INFOPLIST_FILE = TClient/Info.plist;
				IPHONEOS_DEPLOYMENT_TARGET = 8.0;
				LD_RUNPATH_SEARCH_PATHS = "$(inherited) @executable_path/Frameworks";
				PRODUCT_BUNDLE_IDENTIFIER = com.233.TClient;
				PRODUCT_NAME = "$(TARGET_NAME)";
				SWIFT_OPTIMIZATION_LEVEL = "-Onone";
				SWIFT_VERSION = 3.0;
				TARGETED_DEVICE_FAMILY = "1,2";
			};
			name = Debug;
		};
		4DAEDFF1212563C5009FFB4B /* Release */ = {
			isa = XCBuildConfiguration;
			baseConfigurationReference = 668AA330E3A3DC0E9812374E /* Pods-TClient.release.xcconfig */;
			buildSettings = {
				ASSETCATALOG_COMPILER_APPICON_NAME = AppIcon;
				CLANG_ENABLE_MODULES = YES;
				CODE_SIGN_STYLE = Automatic;
				DEVELOPMENT_TEAM = 3UF52T2NV2;
				GCC_PREFIX_HEADER = "$(SRCROOT)/TClient/TClient.pch";
				INFOPLIST_FILE = TClient/Info.plist;
				IPHONEOS_DEPLOYMENT_TARGET = 8.0;
				LD_RUNPATH_SEARCH_PATHS = "$(inherited) @executable_path/Frameworks";
				PRODUCT_BUNDLE_IDENTIFIER = com.233.TClient;
				PRODUCT_NAME = "$(TARGET_NAME)";
				SWIFT_VERSION = 3.0;
				TARGETED_DEVICE_FAMILY = "1,2";
			};
			name = Release;
		};
/* End XCBuildConfiguration section */

/* Begin XCConfigurationList section */
		4DAEDFD4212563C2009FFB4B /* Build configuration list for PBXProject "TClient" */ = {
			isa = XCConfigurationList;
			buildConfigurations = (
				4DAEDFED212563C5009FFB4B /* Debug */,
				4DAEDFEE212563C5009FFB4B /* Release */,
			);
			defaultConfigurationIsVisible = 0;
			defaultConfigurationName = Release;
		};
		4DAEDFEF212563C5009FFB4B /* Build configuration list for PBXNativeTarget "TClient" */ = {
			isa = XCConfigurationList;
			buildConfigurations = (
				4DAEDFF0212563C5009FFB4B /* Debug */,
				4DAEDFF1212563C5009FFB4B /* Release */,
			);
			defaultConfigurationIsVisible = 0;
			defaultConfigurationName = Release;
		};
/* End XCConfigurationList section */
	};
	rootObject = 4DAEDFD1212563C2009FFB4B /* Project object */;
}
